
Microsoft Visual Studio Solution File, Format Version 12.00
# Visual Studio 15
VisualStudioVersion = 15.0.28010.2036
MinimumVisualStudioVersion = 10.0.40219.1
Project("{9A19103F-16F7-4668-BE54-9A1E7A4F7556}") = "Vote", "vote\dotnet\Vote\Vote.csproj", "{9687EAF5-BFF3-4F8D-9C78-1B8EE12CE091}"
EndProject
Project("{9A19103F-16F7-4668-BE54-9A1E7A4F7556}") = "Worker", "worker\dotnet\Worker\Worker.csproj", "{083764E8-4C34-43FB-A468-F80CE0ADE10A}"
EndProject
Project("{9A19103F-16F7-4668-BE54-9A1E7A4F7556}") = "Result", "result\dotnet\Result\Result.csproj", "{9AD16D72-E3F5-4A76-814C-40EBD1EE7892}"
EndProject
Global
	GlobalSection(SolutionConfigurationPlatforms) = preSolution
		Debug|Any CPU = Debug|Any CPU
		Release|Any CPU = Release|Any CPU
	EndGlobalSection
	GlobalSection(ProjectConfigurationPlatforms) = postSolution
		{9687EAF5-BFF3-4F8D-9C78-1B8EE12CE091}.Debug|Any CPU.ActiveCfg = Debug|Any CPU
		{9687EAF5-BFF3-4F8D-9C78-1B8EE12CE091}.Debug|Any CPU.Build.0 = Debug|Any CPU
		{9687EAF5-BFF3-4F8D-9C78-1B8EE12CE091}.Release|Any CPU.ActiveCfg = Release|Any CPU
		{9687EAF5-BFF3-4F8D-9C78-1B8EE12CE091}.Release|Any CPU.Build.0 = Release|Any CPU
		{083764E8-4C34-43FB-A468-F80CE0ADE10A}.Debug|Any CPU.ActiveCfg = Debug|Any CPU
		{083764E8-4C34-43FB-A468-F80CE0ADE10A}.Debug|Any CPU.Build.0 = Debug|Any CPU
		{083764E8-4C34-43FB-A468-F80CE0ADE10A}.Release|Any CPU.ActiveCfg = Release|Any CPU
		{083764E8-4C34-43FB-A468-F80CE0ADE10A}.Release|Any CPU.Build.0 = Release|Any CPU
		{9AD16D72-E3F5-4A76-814C-40EBD1EE7892}.Debug|Any CPU.ActiveCfg = Debug|Any CPU
		{9AD16D72-E3F5-4A76-814C-40EBD1EE7892}.Debug|Any CPU.Build.0 = Debug|Any CPU
		{9AD16D72-E3F5-4A76-814C-40EBD1EE7892}.Release|Any CPU.ActiveCfg = Release|Any CPU
		{9AD16D72-E3F5-4A76-814C-40EBD1EE7892}.Release|Any CPU.Build.0 = Release|Any CPU
	EndGlobalSection
	GlobalSection(SolutionProperties) = preSolution
		HideSolutionNode = FALSE
	EndGlobalSection
	GlobalSection(ExtensibilityGlobals) = postSolution
		SolutionGuid = {9DEFC158-1225-4393-8A38-22256211D43D}
	EndGlobalSection
EndGlobal
