{
  "version": 4,
  "terraform_version": "1.15.8",
  "serial": 22,
  "lineage": "e2df8f77-8841-468e-62ed-89d220a990d8",
  "outputs": {
    "acm_certificate_arn": {
      "value": "arn:aws:acm:eu-north-1:597936860210:certificate/9e020264-788b-43da-ba79-5225851bbf1c",
      "type": "string"
    },
    "alb_dns_name": {
      "value": "aca-voting-app-alb-2040942990.eu-north-1.elb.amazonaws.com",
      "type": "string"
    },
    "aurora_cluster_endpoint": {
      "value": "aca-voting-app-aurora.cluster-c5is6oakwkpa.eu-north-1.rds.amazonaws.com",
      "type": "string"
    },
    "cloudwatch_dashboard_name": {
      "value": "aca-voting-app-dashboard",
      "type": "string"
    },
    "cloudwatch_dashboard_url": {
      "value": "https://eu-north-1.console.aws.amazon.com/cloudwatch/home?region=eu-north-1#dashboards:name=aca-voting-app-dashboard",
      "type": "string"
    },
    "ecr_repository_result_url": {
      "value": "597936860210.dkr.ecr.eu-north-1.amazonaws.com/aca-voting-app-result",
      "type": "string"
    },
    "ecr_repository_vote_url": {
      "value": "597936860210.dkr.ecr.eu-north-1.amazonaws.com/aca-voting-app-vote",
      "type": "string"
    },
    "ecr_repository_worker_url": {
      "value": "597936860210.dkr.ecr.eu-north-1.amazonaws.com/aca-voting-app-worker",
      "type": "string"
    },
    "ecs_cluster_name": {
      "value": "aca-voting-app-cluster",
      "type": "string"
    },
    "ecs_service_result_name": {
      "value": "result",
      "type": "string"
    },
    "ecs_service_vote_name": {
      "value": "vote",
      "type": "string"
    },
    "ecs_service_worker_name": {
      "value": "worker",
      "type": "string"
    },
    "private_subnet_ids": {
      "value": [
        "subnet-0caa8bd66179f08a2",
        "subnet-098835d1205ea3fd4"
      ],
      "type": [
        "list",
        "string"
      ],
      "sensitive": true
    },
    "public_subnet_ids": {
      "value": [
        "subnet-001e0b414a6336eac",
        "subnet-0c5e252dcafaf9786"
      ],
      "type": [
        "list",
        "string"
      ],
      "sensitive": true
    },
    "result_domain_url": {
      "value": "https://result.sergey.c-loud.am",
      "type": "string"
    },
    "result_url": {
      "value": "https://aca-voting-app-alb-2040942990.eu-north-1.elb.amazonaws.com:8443",
      "type": "string"
    },
    "secrets_manager_postgres_arn": {
      "value": "arn:aws:secretsmanager:eu-north-1:597936860210:secret:aca-voting-app-postgres-credentials-F6E1Dh",
      "type": "string"
    },
    "secrets_manager_valkey_arn": {
      "value": "arn:aws:secretsmanager:eu-north-1:597936860210:secret:aca-voting-app-valkey-credentials-VdZ3KO",
      "type": "string"
    },
    "shared_vpc_id": {
      "value": "vpc-0b0fce02ab20d23a4",
      "type": "string",
      "sensitive": true
    },
    "vote_domain_url": {
      "value": "https://vote.sergey.c-loud.am",
      "type": "string"
    },
    "vote_url": {
      "value": "http://aca-voting-app-alb-2040942990.eu-north-1.elb.amazonaws.com",
      "type": "string"
    }
  },
  "resources": [
    {
      "mode": "data",
      "type": "aws_ssm_parameter",
      "name": "private_subnet_ids",
      "provider": "provider[\"registry.terraform.io/hashicorp/aws\"]",
      "instances": [
        {
          "schema_version": 0,
          "attributes": {
            "arn": "arn:aws:ssm:eu-north-1:597936860210:parameter/core/subnets/private_ids",
            "id": "/core/subnets/private_ids",
            "insecure_value": "subnet-0caa8bd66179f08a2,subnet-098835d1205ea3fd4",
            "name": "/core/subnets/private_ids",
            "type": "StringList",
            "value": "subnet-0caa8bd66179f08a2,subnet-098835d1205ea3fd4",
            "version": 1,
            "with_decryption": true
          },
          "sensitive_attributes": [
            [
              {
                "type": "get_attr",
                "value": "value"
              }
            ]
          ],
          "identity_schema_version": 0
        }
      ]
    },
    {
      "mode": "data",
      "type": "aws_ssm_parameter",
      "name": "public_subnet_ids",
      "provider": "provider[\"registry.terraform.io/hashicorp/aws\"]",
      "instances": [
        {
          "schema_version": 0,
          "attributes": {
            "arn": "arn:aws:ssm:eu-north-1:597936860210:parameter/core/subnets/public_ids",
            "id": "/core/subnets/public_ids",
            "insecure_value": "subnet-001e0b414a6336eac,subnet-0c5e252dcafaf9786",
            "name": "/core/subnets/public_ids",
            "type": "StringList",
            "value": "subnet-001e0b414a6336eac,subnet-0c5e252dcafaf9786",
            "version": 1,
            "with_decryption": true
          },
          "sensitive_attributes": [
            [
              {
                "type": "get_attr",
                "value": "value"
              }
            ]
          ],
          "identity_schema_version": 0
        }
      ]
    },
    {
      "mode": "data",
      "type": "aws_ssm_parameter",
      "name": "route53_zone_id",
      "provider": "provider[\"registry.terraform.io/hashicorp/aws\"]",
      "instances": [
        {
          "schema_version": 0,
          "attributes": {
            "arn": "arn:aws:ssm:eu-north-1:597936860210:parameter/core/route53/zone_id",
            "id": "/core/route53/zone_id",
            "insecure_value": "Z04483424JOIMESKDYKS",
            "name": "/core/route53/zone_id",
            "type": "String",
            "value": "Z04483424JOIMESKDYKS",
            "version": 1,
            "with_decryption": true
          },
          "sensitive_attributes": [
            [
              {
                "type": "get_attr",
                "value": "value"
              }
            ]
          ],
          "identity_schema_version": 0
        }
      ]
    },
    {
      "mode": "data",
      "type": "aws_ssm_parameter",
      "name": "route53_zone_name",
      "provider": "provider[\"registry.terraform.io/hashicorp/aws\"]",
      "instances": [
        {
          "schema_version": 0,
          "attributes": {
            "arn": "arn:aws:ssm:eu-north-1:597936860210:parameter/core/route53/zone_name",
            "id": "/core/route53/zone_name",
            "insecure_value": "sergey.c-loud.am",
            "name": "/core/route53/zone_name",
            "type": "String",
            "value": "sergey.c-loud.am",
            "version": 1,
            "with_decryption": true
          },
          "sensitive_attributes": [
            [
              {
                "type": "get_attr",
                "value": "value"
              }
            ]
          ],
          "identity_schema_version": 0
        }
      ]
    },
    {
      "mode": "data",
      "type": "aws_ssm_parameter",
      "name": "vpc_id",
      "provider": "provider[\"registry.terraform.io/hashicorp/aws\"]",
      "instances": [
        {
          "schema_version": 0,
          "attributes": {
            "arn": "arn:aws:ssm:eu-north-1:597936860210:parameter/core/vpc/id",
            "id": "/core/vpc/id",
            "insecure_value": "vpc-0b0fce02ab20d23a4",
            "name": "/core/vpc/id",
            "type": "String",
            "value": "vpc-0b0fce02ab20d23a4",
            "version": 1,
            "with_decryption": true
          },
          "sensitive_attributes": [
            [
              {
                "type": "get_attr",
                "value": "value"
              }
            ]
          ],
          "identity_schema_version": 0
        }
      ]
    },
    {
      "mode": "managed",
      "type": "aws_acm_certificate",
      "name": "cert",
      "provider": "provider[\"registry.terraform.io/hashicorp/aws\"]",
      "instances": [
        {
          "schema_version": 0,
          "attributes": {
            "arn": "arn:aws:acm:eu-north-1:597936860210:certificate/9e020264-788b-43da-ba79-5225851bbf1c",
            "certificate_authority_arn": "",
            "certificate_body": null,
            "certificate_chain": null,
            "domain_name": "sergey.c-loud.am",
            "domain_validation_options": [
              {
                "domain_name": "*.sergey.c-loud.am",
                "resource_record_name": "_d86586121d735fece87a3e46fa9a8fc4.sergey.c-loud.am.",
                "resource_record_type": "CNAME",
                "resource_record_value": "_caaaea4d371bf4b211b2d3a770509cae.wzccmgtwzk.acm-validations.aws."
              },
              {
                "domain_name": "sergey.c-loud.am",
                "resource_record_name": "_d86586121d735fece87a3e46fa9a8fc4.sergey.c-loud.am.",
                "resource_record_type": "CNAME",
                "resource_record_value": "_caaaea4d371bf4b211b2d3a770509cae.wzccmgtwzk.acm-validations.aws."
              }
            ],
            "early_renewal_duration": "",
            "id": "arn:aws:acm:eu-north-1:597936860210:certificate/9e020264-788b-43da-ba79-5225851bbf1c",
            "key_algorithm": "RSA_2048",
            "not_after": "2027-04-04T23:59:59Z",
            "not_before": "2026-09-19T00:00:00Z",
            "options": [
              {
                "certificate_transparency_logging_preference": "ENABLED"
              }
            ],
            "pending_renewal": false,
            "private_key": null,
            "renewal_eligibility": "ELIGIBLE",
            "renewal_summary": [],
            "status": "ISSUED",
            "subject_alternative_names": [
              "*.sergey.c-loud.am",
              "sergey.c-loud.am"
            ],
            "tags": {
              "Name": "aca-voting-app-acm-cert"
            },
            "tags_all": {
              "Application": "aca-voting-app",
              "Environment": "production",
              "ManagedBy": "Terraform",
              "Name": "aca-voting-app-acm-cert"
            },
            "type": "AMAZON_ISSUED",
            "validation_emails": [],
            "validation_method": "DNS",
            "validation_option": []
          },
          "sensitive_attributes": [
            [
              {
                "type": "get_attr",
                "value": "private_key"
              }
            ]
          ],
          "identity_schema_version": 0,
          "private": "bnVsbA==",
          "create_before_destroy": true
        }
      ]
    },
    {
      "mode": "managed",
      "type": "aws_acm_certificate_validation",
      "name": "cert",
      "provider": "provider[\"registry.terraform.io/hashicorp/aws\"]",
      "instances": [
        {
          "schema_version": 0,
          "attributes": {
            "certificate_arn": "arn:aws:acm:eu-north-1:597936860210:certificate/9e020264-788b-43da-ba79-5225851bbf1c",
            "id": "2026-09-19 20:54:18.88 +0000 UTC",
            "timeouts": null,
            "validation_record_fqdns": [
              "_d86586121d735fece87a3e46fa9a8fc4.sergey.c-loud.am"
            ]
          },
          "sensitive_attributes": [],
          "identity_schema_version": 0,
          "private": "eyJlMmJmYjczMC1lY2FhLTExZTYtOGY4OC0zNDM2M2JjN2M0YzAiOnsiY3JlYXRlIjo0NTAwMDAwMDAwMDAwfX0=",
          "dependencies": [
            "aws_acm_certificate.cert",
            "aws_route53_record.cert_validation",
            "data.aws_ssm_parameter.route53_zone_id"
          ]
        }
      ]
    },
    {
      "mode": "managed",
      "type": "aws_appautoscaling_policy",
      "name": "result_alb",
      "provider": "provider[\"registry.terraform.io/hashicorp/aws\"]",
      "instances": [
        {
          "schema_version": 0,
          "attributes": {
            "alarm_arns": [
              "arn:aws:cloudwatch:eu-north-1:597936860210:alarm:TargetTracking-service/aca-voting-app-cluster/result-AlarmHigh-1e13aa6e-7089-470e-8d4f-0151a547f9e6",
              "arn:aws:cloudwatch:eu-north-1:597936860210:alarm:TargetTracking-service/aca-voting-app-cluster/result-AlarmLow-d3d13bca-2d63-4429-9c07-d1d341d25117"
            ],
            "arn": "arn:aws:autoscaling:eu-north-1:597936860210:scalingPolicy:9be1b3e0-5642-43bd-b75a-926e3b0180f0:resource/ecs/service/aca-voting-app-cluster/result:policyName/aca-voting-app-result-alb-scaling",
            "id": "aca-voting-app-result-alb-scaling",
            "name": "aca-voting-app-result-alb-scaling",
            "policy_type": "TargetTrackingScaling",
            "resource_id": "service/aca-voting-app-cluster/result",
            "scalable_dimension": "ecs:service:DesiredCount",
            "service_namespace": "ecs",
            "step_scaling_policy_configuration": [],
            "target_tracking_scaling_policy_configuration": [
              {
                "customized_metric_specification": [],
                "disable_scale_in": false,
                "predefined_metric_specification": [
                  {
                    "predefined_metric_type": "ALBRequestCountPerTarget",
                    "resource_label": "app/aca-voting-app-alb/8d56328e3d693d02/targetgroup/rslt-20260919205358523300000007/dff490837c2471ad"
                  }
                ],
                "scale_in_cooldown": 300,
                "scale_out_cooldown": 60,
                "target_value": 1000
              }
            ]
          },
          "sensitive_attributes": [],
          "identity_schema_version": 0,
          "private": "bnVsbA==",
          "dependencies": [
            "aws_appautoscaling_target.result",
            "aws_cloudwatch_log_group.result",
            "aws_ecs_service.result",
            "aws_ecs_task_definition.result",
            "aws_iam_role.ecs_execution_role",
            "aws_iam_role.ecs_task_role",
            "aws_security_group.result_task",
            "aws_security_group.worker_task",
            "data.aws_ssm_parameter.private_subnet_ids",
            "data.aws_ssm_parameter.public_subnet_ids",
            "data.aws_ssm_parameter.vpc_id",
            "module.alb.aws_lb.this",
            "module.alb.aws_lb_target_group.this",
            "module.alb.aws_security_group.this",
            "module.aurora.aws_appautoscaling_policy.this",
            "module.aurora.aws_appautoscaling_target.this",
            "module.aurora.aws_cloudwatch_log_group.this",
            "module.aurora.aws_db_parameter_group.this",
            "module.aurora.aws_db_subnet_group.this",
            "module.aurora.aws_iam_role.rds_enhanced_monitoring",
            "module.aurora.aws_iam_role_policy_attachment.rds_enhanced_monitoring",
            "module.aurora.aws_rds_cluster.this",
            "module.aurora.aws_rds_cluster_activity_stream.this",
            "module.aurora.aws_rds_cluster_endpoint.this",
            "module.aurora.aws_rds_cluster_instance.this",
            "module.aurora.aws_rds_cluster_parameter_group.this",
            "module.aurora.aws_rds_cluster_role_association.this",
            "module.aurora.aws_rds_shard_group.this",
            "module.aurora.aws_secretsmanager_secret_rotation.this",
            "module.aurora.aws_security_group.this",
            "module.aurora.aws_security_group_rule.this",
            "module.aurora.data.aws_iam_policy_document.monitoring_rds_assume_role",
            "module.aurora.data.aws_partition.current",
            "module.ecr_result.aws_ecr_repository.this",
            "module.ecr_result.aws_ecrpublic_repository.this",
            "module.ecs.module.cluster.aws_cloudwatch_log_group.this",
            "module.ecs.module.cluster.aws_ecs_cluster.this",
            "module.secrets_manager_postgres.aws_secretsmanager_secret.this",
            "random_password.postgres_password"
          ]
        }
      ]
    },
    {
      "mode": "managed",
      "type": "aws_appautoscaling_policy",
      "name": "result_cpu",
      "provider": "provider[\"registry.terraform.io/hashicorp/aws\"]",
      "instances": [
        {
          "schema_version": 0,
          "attributes": {
            "alarm_arns": [
              "arn:aws:cloudwatch:eu-north-1:597936860210:alarm:TargetTracking-service/aca-voting-app-cluster/result-AlarmHigh-bbf441db-71d4-4c4d-9202-81070a8d017c",
              "arn:aws:cloudwatch:eu-north-1:597936860210:alarm:TargetTracking-service/aca-voting-app-cluster/result-AlarmLow-020dc50b-1f41-4c72-a6c1-3c68441b3bed"
            ],
            "arn": "arn:aws:autoscaling:eu-north-1:597936860210:scalingPolicy:9be1b3e0-5642-43bd-b75a-926e3b0180f0:resource/ecs/service/aca-voting-app-cluster/result:policyName/aca-voting-app-result-cpu-scaling",
            "id": "aca-voting-app-result-cpu-scaling",
            "name": "aca-voting-app-result-cpu-scaling",
            "policy_type": "TargetTrackingScaling",
            "resource_id": "service/aca-voting-app-cluster/result",
            "scalable_dimension": "ecs:service:DesiredCount",
            "service_namespace": "ecs",
            "step_scaling_policy_configuration": [],
            "target_tracking_scaling_policy_configuration": [
              {
                "customized_metric_specification": [],
                "disable_scale_in": false,
                "predefined_metric_specification": [
                  {
                    "predefined_metric_type": "ECSServiceAverageCPUUtilization",
                    "resource_label": ""
                  }
                ],
                "scale_in_cooldown": 300,
                "scale_out_cooldown": 60,
                "target_value": 70
              }
            ]
          },
          "sensitive_attributes": [],
          "identity_schema_version": 0,
          "private": "bnVsbA==",
          "dependencies": [
            "aws_appautoscaling_target.result",
            "aws_cloudwatch_log_group.result",
            "aws_ecs_service.result",
            "aws_ecs_task_definition.result",
            "aws_iam_role.ecs_execution_role",
            "aws_iam_role.ecs_task_role",
            "aws_security_group.result_task",
            "aws_security_group.worker_task",
            "data.aws_ssm_parameter.private_subnet_ids",
            "data.aws_ssm_parameter.vpc_id",
            "module.alb.aws_lb_target_group.this",
            "module.alb.aws_security_group.this",
            "module.aurora.aws_appautoscaling_policy.this",
            "module.aurora.aws_appautoscaling_target.this",
            "module.aurora.aws_cloudwatch_log_group.this",
            "module.aurora.aws_db_parameter_group.this",
            "module.aurora.aws_db_subnet_group.this",
            "module.aurora.aws_iam_role.rds_enhanced_monitoring",
            "module.aurora.aws_iam_role_policy_attachment.rds_enhanced_monitoring",
            "module.aurora.aws_rds_cluster.this",
            "module.aurora.aws_rds_cluster_activity_stream.this",
            "module.aurora.aws_rds_cluster_endpoint.this",
            "module.aurora.aws_rds_cluster_instance.this",
            "module.aurora.aws_rds_cluster_parameter_group.this",
            "module.aurora.aws_rds_cluster_role_association.this",
            "module.aurora.aws_rds_shard_group.this",
            "module.aurora.aws_secretsmanager_secret_rotation.this",
            "module.aurora.aws_security_group.this",
            "module.aurora.aws_security_group_rule.this",
            "module.aurora.data.aws_iam_policy_document.monitoring_rds_assume_role",
            "module.aurora.data.aws_partition.current",
            "module.ecr_result.aws_ecr_repository.this",
            "module.ecr_result.aws_ecrpublic_repository.this",
            "module.ecs.module.cluster.aws_cloudwatch_log_group.this",
            "module.ecs.module.cluster.aws_ecs_cluster.this",
            "module.secrets_manager_postgres.aws_secretsmanager_secret.this",
            "random_password.postgres_password"
          ]
        }
      ]
    },
    {
      "mode": "managed",
      "type": "aws_appautoscaling_target",
      "name": "result",
      "provider": "provider[\"registry.terraform.io/hashicorp/aws\"]",
      "instances": [
        {
          "schema_version": 0,
          "attributes": {
            "arn": "arn:aws:application-autoscaling:eu-north-1:597936860210:scalable-target/0ec59be1b3e0564243bdb75a926e3b0180f0",
            "id": "service/aca-voting-app-cluster/result",
            "max_capacity": 2,
            "min_capacity": 1,
            "resource_id": "service/aca-voting-app-cluster/result",
            "role_arn": "arn:aws:iam::597936860210:role/aws-service-role/ecs.application-autoscaling.amazonaws.com/AWSServiceRoleForApplicationAutoScaling_ECSService",
            "scalable_dimension": "ecs:service:DesiredCount",
            "service_namespace": "ecs",
            "suspended_state": [
              {
                "dynamic_scaling_in_suspended": false,
                "dynamic_scaling_out_suspended": false,
                "scheduled_scaling_suspended": false
              }
            ],
            "tags": {},
            "tags_all": {
              "Application": "aca-voting-app",
              "Environment": "production",
              "ManagedBy": "Terraform"
            }
          },
          "sensitive_attributes": [],
          "identity_schema_version": 0,
          "private": "bnVsbA==",
          "dependencies": [
            "aws_cloudwatch_log_group.result",
            "aws_ecs_service.result",
            "aws_ecs_task_definition.result",
            "aws_iam_role.ecs_execution_role",
            "aws_iam_role.ecs_task_role",
            "aws_security_group.result_task",
            "aws_security_group.worker_task",
            "data.aws_ssm_parameter.private_subnet_ids",
            "data.aws_ssm_parameter.vpc_id",
            "module.alb.aws_lb_target_group.this",
            "module.alb.aws_security_group.this",
            "module.aurora.aws_appautoscaling_policy.this",
            "module.aurora.aws_appautoscaling_target.this",
            "module.aurora.aws_cloudwatch_log_group.this",
            "module.aurora.aws_db_parameter_group.this",
            "module.aurora.aws_db_subnet_group.this",
            "module.aurora.aws_iam_role.rds_enhanced_monitoring",
            "module.aurora.aws_iam_role_policy_attachment.rds_enhanced_monitoring",
            "module.aurora.aws_rds_cluster.this",
            "module.aurora.aws_rds_cluster_activity_stream.this",
            "module.aurora.aws_rds_cluster_endpoint.this",
            "module.aurora.aws_rds_cluster_instance.this",
            "module.aurora.aws_rds_cluster_parameter_group.this",
            "module.aurora.aws_rds_cluster_role_association.this",
            "module.aurora.aws_rds_shard_group.this",
            "module.aurora.aws_secretsmanager_secret_rotation.this",
            "module.aurora.aws_security_group.this",
            "module.aurora.aws_security_group_rule.this",
            "module.aurora.data.aws_iam_policy_document.monitoring_rds_assume_role",
            "module.aurora.data.aws_partition.current",
            "module.ecr_result.aws_ecr_repository.this",
            "module.ecr_result.aws_ecrpublic_repository.this",
            "module.ecs.module.cluster.aws_cloudwatch_log_group.this",
            "module.ecs.module.cluster.aws_ecs_cluster.this",
            "module.secrets_manager_postgres.aws_secretsmanager_secret.this",
            "random_password.postgres_password"
          ]
        }
      ]
    },
    {
      "mode": "managed",
      "type": "aws_cloudwatch_log_group",
      "name": "result",
      "provider": "provider[\"registry.terraform.io/hashicorp/aws\"]",
      "instances": [
        {
          "schema_version": 0,
          "attributes": {
            "arn": "arn:aws:logs:eu-north-1:597936860210:log-group:/ecs/aca-voting-app/result",
            "id": "/ecs/aca-voting-app/result",
            "kms_key_id": "",
            "log_group_class": "STANDARD",
            "name": "/ecs/aca-voting-app/result",
            "name_prefix": "",
            "retention_in_days": 7,
            "skip_destroy": false,
            "tags": {},
            "tags_all": {
              "Application": "aca-voting-app",
              "Environment": "production",
              "ManagedBy": "Terraform"
            }
          },
          "sensitive_attributes": [],
          "identity_schema_version": 0,
          "private": "bnVsbA=="
        }
      ]
    },
    {
      "mode": "managed",
      "type": "aws_cloudwatch_log_group",
      "name": "valkey",
      "provider": "provider[\"registry.terraform.io/hashicorp/aws\"]",
      "instances": [
        {
          "schema_version": 0,
          "attributes": {
            "arn": "arn:aws:logs:eu-north-1:597936860210:log-group:/ecs/aca-voting-app/valkey",
            "id": "/ecs/aca-voting-app/valkey",
            "kms_key_id": "",
            "log_group_class": "STANDARD",
            "name": "/ecs/aca-voting-app/valkey",
            "name_prefix": "",
            "retention_in_days": 7,
            "skip_destroy": false,
            "tags": {},
            "tags_all": {
              "Application": "aca-voting-app",
              "Environment": "production",
              "ManagedBy": "Terraform"
            }
          },
          "sensitive_attributes": [],
          "identity_schema_version": 0,
          "private": "bnVsbA=="
        }
      ]
    },
    {
      "mode": "managed",
      "type": "aws_cloudwatch_log_group",
      "name": "vote",
      "provider": "provider[\"registry.terraform.io/hashicorp/aws\"]",
      "instances": [
        {
          "schema_version": 0,
          "attributes": {
            "arn": "arn:aws:logs:eu-north-1:597936860210:log-group:/ecs/aca-voting-app/vote",
            "id": "/ecs/aca-voting-app/vote",
            "kms_key_id": "",
            "log_group_class": "STANDARD",
            "name": "/ecs/aca-voting-app/vote",
            "name_prefix": "",
            "retention_in_days": 7,
            "skip_destroy": false,
            "tags": {},
            "tags_all": {
              "Application": "aca-voting-app",
              "Environment": "production",
              "ManagedBy": "Terraform"
            }
          },
          "sensitive_attributes": [],
          "identity_schema_version": 0,
          "private": "bnVsbA=="
        }
      ]
    },
    {
      "mode": "managed",
      "type": "aws_cloudwatch_log_group",
      "name": "worker",
      "provider": "provider[\"registry.terraform.io/hashicorp/aws\"]",
      "instances": [
        {
          "schema_version": 0,
          "attributes": {
            "arn": "arn:aws:logs:eu-north-1:597936860210:log-group:/ecs/aca-voting-app/worker",
            "id": "/ecs/aca-voting-app/worker",
            "kms_key_id": "",
            "log_group_class": "STANDARD",
            "name": "/ecs/aca-voting-app/worker",
            "name_prefix": "",
            "retention_in_days": 7,
            "skip_destroy": false,
            "tags": {},
            "tags_all": {
              "Application": "aca-voting-app",
              "Environment": "production",
              "ManagedBy": "Terraform"
            }
          },
          "sensitive_attributes": [],
          "identity_schema_version": 0,
          "private": "bnVsbA=="
        }
      ]
    },
    {
      "mode": "managed",
      "type": "aws_ecs_service",
      "name": "result",
      "provider": "provider[\"registry.terraform.io/hashicorp/aws\"]",
      "instances": [
        {
          "schema_version": 1,
          "attributes": {
            "alarms": [],
            "availability_zone_rebalancing": "DISABLED",
            "capacity_provider_strategy": [],
            "cluster": "arn:aws:ecs:eu-north-1:597936860210:cluster/aca-voting-app-cluster",
            "deployment_circuit_breaker": [
              {
                "enable": false,
                "rollback": false
              }
            ],
            "deployment_controller": [
              {
                "type": "ECS"
              }
            ],
            "deployment_maximum_percent": 200,
            "deployment_minimum_healthy_percent": 100,
            "desired_count": 1,
            "enable_ecs_managed_tags": false,
            "enable_execute_command": false,
            "force_delete": null,
            "force_new_deployment": null,
            "health_check_grace_period_seconds": 0,
            "iam_role": "/aws-service-role/ecs.amazonaws.com/AWSServiceRoleForECS",
            "id": "arn:aws:ecs:eu-north-1:597936860210:service/aca-voting-app-cluster/result",
            "launch_type": "FARGATE",
            "load_balancer": [
              {
                "container_name": "result",
                "container_port": 80,
                "elb_name": "",
                "target_group_arn": "arn:aws:elasticloadbalancing:eu-north-1:597936860210:targetgroup/rslt-20260919205358523300000007/dff490837c2471ad"
              }
            ],
            "name": "result",
            "network_configuration": [
              {
                "assign_public_ip": false,
                "security_groups": [
                  "sg-098f0586d57367f0a"
                ],
                "subnets": [
                  "subnet-098835d1205ea3fd4",
                  "subnet-0caa8bd66179f08a2"
                ]
              }
            ],
            "ordered_placement_strategy": [],
            "placement_constraints": [],
            "platform_version": "LATEST",
            "propagate_tags": "NONE",
            "scheduling_strategy": "REPLICA",
            "service_connect_configuration": [],
            "service_registries": [],
            "tags": {},
            "tags_all": {
              "Application": "aca-voting-app",
              "Environment": "production",
              "ManagedBy": "Terraform"
            },
            "task_definition": "arn:aws:ecs:eu-north-1:597936860210:task-definition/aca-voting-app-result:2",
            "timeouts": null,
            "triggers": {},
            "volume_configuration": [],
            "vpc_lattice_configurations": [],
            "wait_for_steady_state": false
          },
          "sensitive_attributes": [
            [
              {
                "type": "get_attr",
                "value": "network_configuration"
              },
              {
                "type": "index",
                "value": {
                  "value": 0,
                  "type": "number"
                }
              },
              {
                "type": "get_attr",
                "value": "subnets"
              }
            ]
          ],
          "identity_schema_version": 0,
          "private": "eyJlMmJmYjczMC1lY2FhLTExZTYtOGY4OC0zNDM2M2JjN2M0YzAiOnsiY3JlYXRlIjoxMjAwMDAwMDAwMDAwLCJkZWxldGUiOjEyMDAwMDAwMDAwMDAsInVwZGF0ZSI6MTIwMDAwMDAwMDAwMH0sInNjaGVtYV92ZXJzaW9uIjoiMSJ9",
          "dependencies": [
            "aws_cloudwatch_log_group.result",
            "aws_ecs_task_definition.result",
            "aws_iam_role.ecs_execution_role",
            "aws_iam_role.ecs_task_role",
            "aws_security_group.result_task",
            "aws_security_group.worker_task",
            "data.aws_ssm_parameter.private_subnet_ids",
            "data.aws_ssm_parameter.vpc_id",
            "module.alb.aws_lb_target_group.this",
            "module.alb.aws_security_group.this",
            "module.aurora.aws_appautoscaling_policy.this",
            "module.aurora.aws_appautoscaling_target.this",
            "module.aurora.aws_cloudwatch_log_group.this",
            "module.aurora.aws_db_parameter_group.this",
            "module.aurora.aws_db_subnet_group.this",
            "module.aurora.aws_iam_role.rds_enhanced_monitoring",
            "module.aurora.aws_iam_role_policy_attachment.rds_enhanced_monitoring",
            "module.aurora.aws_rds_cluster.this",
            "module.aurora.aws_rds_cluster_activity_stream.this",
            "module.aurora.aws_rds_cluster_endpoint.this",
            "module.aurora.aws_rds_cluster_instance.this",
            "module.aurora.aws_rds_cluster_parameter_group.this",
            "module.aurora.aws_rds_cluster_role_association.this",
            "module.aurora.aws_rds_shard_group.this",
            "module.aurora.aws_secretsmanager_secret_rotation.this",
            "module.aurora.aws_security_group.this",
            "module.aurora.aws_security_group_rule.this",
            "module.aurora.data.aws_iam_policy_document.monitoring_rds_assume_role",
            "module.aurora.data.aws_partition.current",
            "module.ecr_result.aws_ecr_repository.this",
            "module.ecr_result.aws_ecrpublic_repository.this",
            "module.ecs.module.cluster.aws_cloudwatch_log_group.this",
            "module.ecs.module.cluster.aws_ecs_cluster.this",
            "module.secrets_manager_postgres.aws_secretsmanager_secret.this",
            "random_password.postgres_password"
          ]
        }
      ]
    },
    {
      "mode": "managed",
      "type": "aws_ecs_task_definition",
      "name": "result",
      "provider": "provider[\"registry.terraform.io/hashicorp/aws\"]",
      "instances": [
        {
          "schema_version": 1,
          "attributes": {
            "arn": "arn:aws:ecs:eu-north-1:597936860210:task-definition/aca-voting-app-result:2",
            "arn_without_revision": "arn:aws:ecs:eu-north-1:597936860210:task-definition/aca-voting-app-result",
            "container_definitions": "[{\"environment\":[{\"name\":\"PORT\",\"value\":\"80\"},{\"name\":\"POSTGRES_DB\",\"value\":\"postgres\"},{\"name\":\"POSTGRES_HOST\",\"value\":\"aca-voting-app-aurora.cluster-c5is6oakwkpa.eu-north-1.rds.amazonaws.com\"},{\"name\":\"POSTGRES_PORT\",\"value\":\"5432\"},{\"name\":\"POSTGRES_SSL\",\"value\":\"true\"}],\"essential\":true,\"image\":\"597936860210.dkr.ecr.eu-north-1.amazonaws.com/aca-voting-app-result:latest\",\"logConfiguration\":{\"logDriver\":\"awslogs\",\"options\":{\"awslogs-group\":\"/ecs/aca-voting-app/result\",\"awslogs-region\":\"eu-north-1\",\"awslogs-stream-prefix\":\"result\"}},\"mountPoints\":[],\"name\":\"result\",\"portMappings\":[{\"containerPort\":80,\"hostPort\":80,\"protocol\":\"tcp\"}],\"secrets\":[{\"name\":\"POSTGRES_PASSWORD\",\"valueFrom\":\"arn:aws:secretsmanager:eu-north-1:597936860210:secret:aca-voting-app-postgres-credentials-F6E1Dh:password::\"},{\"name\":\"POSTGRES_USER\",\"valueFrom\":\"arn:aws:secretsmanager:eu-north-1:597936860210:secret:aca-voting-app-postgres-credentials-F6E1Dh:username::\"}],\"systemControls\":[],\"volumesFrom\":[]}]",
            "cpu": "256",
            "enable_fault_injection": false,
            "ephemeral_storage": [],
            "execution_role_arn": "arn:aws:iam::597936860210:role/aca-voting-app-ecs-execution-role",
            "family": "aca-voting-app-result",
            "id": "aca-voting-app-result",
            "inference_accelerator": [],
            "ipc_mode": "",
            "memory": "512",
            "network_mode": "awsvpc",
            "pid_mode": "",
            "placement_constraints": [],
            "proxy_configuration": [],
            "requires_compatibilities": [
              "FARGATE"
            ],
            "revision": 2,
            "runtime_platform": [],
            "skip_destroy": false,
            "tags": {},
            "tags_all": {
              "Application": "aca-voting-app",
              "Environment": "production",
              "ManagedBy": "Terraform"
            },
            "task_role_arn": "arn:aws:iam::597936860210:role/aca-voting-app-ecs-task-role",
            "track_latest": false,
            "volume": []
          },
          "sensitive_attributes": [],
          "identity_schema_version": 0,
          "private": "eyJzY2hlbWFfdmVyc2lvbiI6IjEifQ==",
          "dependencies": [
            "aws_cloudwatch_log_group.result",
            "aws_iam_role.ecs_execution_role",
            "aws_iam_role.ecs_task_role",
            "data.aws_ssm_parameter.private_subnet_ids",
            "data.aws_ssm_parameter.vpc_id",
            "module.aurora.aws_cloudwatch_log_group.this",
            "module.aurora.aws_db_subnet_group.this",
            "module.aurora.aws_iam_role.rds_enhanced_monitoring",
            "module.aurora.aws_rds_cluster.this",
            "module.aurora.aws_rds_cluster_parameter_group.this",
            "module.aurora.aws_security_group.this",
            "module.aurora.data.aws_iam_policy_document.monitoring_rds_assume_role",
            "module.ecr_result.aws_ecr_repository.this",
            "module.ecr_result.aws_ecrpublic_repository.this",
            "module.secrets_manager_postgres.aws_secretsmanager_secret.this",
            "random_password.postgres_password"
          ]
        }
      ]
    },
    {
      "mode": "managed",
      "type": "aws_elasticache_user",
      "name": "default",
      "provider": "provider[\"registry.terraform.io/hashicorp/aws\"]",
      "instances": [
        {
          "schema_version": 0,
          "attributes": {
            "access_string": "on ~* +@all",
            "arn": "arn:aws:elasticache:eu-north-1:597936860210:user:aca-voting-app-default-user",
            "authentication_mode": [
              {
                "password_count": 1,
                "passwords": [],
                "type": "password"
              }
            ],
            "engine": "valkey",
            "id": "aca-voting-app-default-user",
            "no_password_required": false,
            "passwords": [
              "xMNn7wXRQDlIYxC6"
            ],
            "tags": {
              "Name": "aca-voting-app-default-user"
            },
            "tags_all": {
              "Application": "aca-voting-app",
              "Environment": "production",
              "ManagedBy": "Terraform",
              "Name": "aca-voting-app-default-user"
            },
            "timeouts": null,
            "user_id": "aca-voting-app-default-user",
            "user_name": "default"
          },
          "sensitive_attributes": [
            [
              {
                "type": "get_attr",
                "value": "authentication_mode"
              },
              {
                "type": "index",
                "value": {
                  "value": 0,
                  "type": "number"
                }
              },
              {
                "type": "get_attr",
                "value": "passwords"
              }
            ],
            [
              {
                "type": "get_attr",
                "value": "passwords"
              }
            ]
          ],
          "identity_schema_version": 0,
          "private": "eyJlMmJmYjczMC1lY2FhLTExZTYtOGY4OC0zNDM2M2JjN2M0YzAiOnsiY3JlYXRlIjozMDAwMDAwMDAwMDAsImRlbGV0ZSI6MzAwMDAwMDAwMDAwLCJyZWFkIjozMDAwMDAwMDAwMDAsInVwZGF0ZSI6MzAwMDAwMDAwMDAwfX0=",
          "dependencies": [
            "random_password.valkey_password"
          ]
        }
      ]
    },
    {
      "mode": "managed",
      "type": "aws_elasticache_user",
      "name": "valkey_user",
      "provider": "provider[\"registry.terraform.io/hashicorp/aws\"]",
      "instances": [
        {
          "schema_version": 0,
          "attributes": {
            "access_string": "on ~* +@all",
            "arn": "arn:aws:elasticache:eu-north-1:597936860210:user:aca-voting-app-valkey-user",
            "authentication_mode": [
              {
                "password_count": 1,
                "passwords": [],
                "type": "password"
              }
            ],
            "engine": "valkey",
            "id": "aca-voting-app-valkey-user",
            "no_password_required": false,
            "passwords": [
              "xMNn7wXRQDlIYxC6"
            ],
            "tags": {
              "Name": "aca-voting-app-valkey-user"
            },
            "tags_all": {
              "Application": "aca-voting-app",
              "Environment": "production",
              "ManagedBy": "Terraform",
              "Name": "aca-voting-app-valkey-user"
            },
            "timeouts": null,
            "user_id": "aca-voting-app-valkey-user",
            "user_name": "valkeyuser"
          },
          "sensitive_attributes": [
            [
              {
                "type": "get_attr",
                "value": "authentication_mode"
              },
              {
                "type": "index",
                "value": {
                  "value": 0,
                  "type": "number"
                }
              },
              {
                "type": "get_attr",
                "value": "passwords"
              }
            ],
            [
              {
                "type": "get_attr",
                "value": "passwords"
              }
            ]
          ],
          "identity_schema_version": 0,
          "private": "eyJlMmJmYjczMC1lY2FhLTExZTYtOGY4OC0zNDM2M2JjN2M0YzAiOnsiY3JlYXRlIjozMDAwMDAwMDAwMDAsImRlbGV0ZSI6MzAwMDAwMDAwMDAwLCJyZWFkIjozMDAwMDAwMDAwMDAsInVwZGF0ZSI6MzAwMDAwMDAwMDAwfX0=",
          "dependencies": [
            "random_password.valkey_password"
          ]
        }
      ]
    },
    {
      "mode": "managed",
      "type": "aws_elasticache_user_group",
      "name": "valkey",
      "provider": "provider[\"registry.terraform.io/hashicorp/aws\"]",
      "instances": [
        {
          "schema_version": 0,
          "attributes": {
            "arn": "arn:aws:elasticache:eu-north-1:597936860210:usergroup:aca-voting-app-valkey-ug",
            "engine": "valkey",
            "id": "aca-voting-app-valkey-ug",
            "tags": {
              "Name": "aca-voting-app-valkey-ug"
            },
            "tags_all": {
              "Application": "aca-voting-app",
              "Environment": "production",
              "ManagedBy": "Terraform",
              "Name": "aca-voting-app-valkey-ug"
            },
            "user_group_id": "aca-voting-app-valkey-ug",
            "user_ids": [
              "aca-voting-app-default-user",
              "aca-voting-app-valkey-user"
            ]
          },
          "sensitive_attributes": [],
          "identity_schema_version": 0,
          "private": "bnVsbA==",
          "dependencies": [
            "aws_elasticache_user.default",
            "aws_elasticache_user.valkey_user",
            "random_password.valkey_password"
          ]
        }
      ]
    },
    {
      "mode": "managed",
      "type": "aws_iam_policy",
      "name": "ecs_secrets_policy",
      "provider": "provider[\"registry.terraform.io/hashicorp/aws\"]",
      "instances": [
        {
          "schema_version": 0,
          "attributes": {
            "arn": "arn:aws:iam::597936860210:policy/aca-voting-app-ecs-secrets-policy",
            "attachment_count": 1,
            "description": "Allows ECS Execution Role to fetch secrets from AWS Secrets Manager",
            "id": "arn:aws:iam::597936860210:policy/aca-voting-app-ecs-secrets-policy",
            "name": "aca-voting-app-ecs-secrets-policy",
            "name_prefix": "",
            "path": "/",
            "policy": "{\"Statement\":[{\"Action\":[\"secretsmanager:GetSecretValue\"],\"Effect\":\"Allow\",\"Resource\":[\"arn:aws:secretsmanager:eu-north-1:597936860210:secret:aca-voting-app-valkey-credentials-VdZ3KO\",\"arn:aws:secretsmanager:eu-north-1:597936860210:secret:aca-voting-app-postgres-credentials-F6E1Dh\"]}],\"Version\":\"2012-10-17\"}",
            "policy_id": "ANPAYWN6QNQZBAU36P3IG",
            "tags": {},
            "tags_all": {
              "Application": "aca-voting-app",
              "Environment": "production",
              "ManagedBy": "Terraform"
            }
          },
          "sensitive_attributes": [],
          "identity_schema_version": 0,
          "private": "bnVsbA==",
          "dependencies": [
            "module.secrets_manager_postgres.aws_secretsmanager_secret.this",
            "module.secrets_manager_valkey.aws_secretsmanager_secret.this"
          ]
        }
      ]
    },
    {
      "mode": "managed",
      "type": "aws_iam_role",
      "name": "ecs_execution_role",
      "provider": "provider[\"registry.terraform.io/hashicorp/aws\"]",
      "instances": [
        {
          "schema_version": 0,
          "attributes": {
            "arn": "arn:aws:iam::597936860210:role/aca-voting-app-ecs-execution-role",
            "assume_role_policy": "{\"Statement\":[{\"Action\":\"sts:AssumeRole\",\"Effect\":\"Allow\",\"Principal\":{\"Service\":\"ecs-tasks.amazonaws.com\"}}],\"Version\":\"2012-10-17\"}",
            "create_date": "2026-09-19T20:53:57Z",
            "description": "",
            "force_detach_policies": false,
            "id": "aca-voting-app-ecs-execution-role",
            "inline_policy": [],
            "managed_policy_arns": [
              "arn:aws:iam::597936860210:policy/aca-voting-app-ecs-secrets-policy",
              "arn:aws:iam::aws:policy/service-role/AmazonECSTaskExecutionRolePolicy"
            ],
            "max_session_duration": 3600,
            "name": "aca-voting-app-ecs-execution-role",
            "name_prefix": "",
            "path": "/",
            "permissions_boundary": "",
            "tags": {},
            "tags_all": {
              "Application": "aca-voting-app",
              "Environment": "production",
              "ManagedBy": "Terraform"
            },
            "unique_id": "AROAYWN6QNQZN6DBN4DUR"
          },
          "sensitive_attributes": [],
          "identity_schema_version": 0,
          "private": "bnVsbA=="
        }
      ]
    },
    {
      "mode": "managed",
      "type": "aws_iam_role",
      "name": "ecs_task_role",
      "provider": "provider[\"registry.terraform.io/hashicorp/aws\"]",
      "instances": [
        {
          "schema_version": 0,
          "attributes": {
            "arn": "arn:aws:iam::597936860210:role/aca-voting-app-ecs-task-role",
            "assume_role_policy": "{\"Statement\":[{\"Action\":\"sts:AssumeRole\",\"Effect\":\"Allow\",\"Principal\":{\"Service\":\"ecs-tasks.amazonaws.com\"}}],\"Version\":\"2012-10-17\"}",
            "create_date": "2026-09-19T20:53:58Z",
            "description": "",
            "force_detach_policies": false,
            "id": "aca-voting-app-ecs-task-role",
            "inline_policy": [],
            "managed_policy_arns": [],
            "max_session_duration": 3600,
            "name": "aca-voting-app-ecs-task-role",
            "name_prefix": "",
            "path": "/",
            "permissions_boundary": "",
            "tags": {},
            "tags_all": {
              "Application": "aca-voting-app",
              "Environment": "production",
              "ManagedBy": "Terraform"
            },
            "unique_id": "AROAYWN6QNQZLCPC4AML3"
          },
          "sensitive_attributes": [],
          "identity_schema_version": 0,
          "private": "bnVsbA=="
        }
      ]
    },
    {
      "mode": "managed",
      "type": "aws_iam_role_policy_attachment",
      "name": "ecs_execution_role_policy",
      "provider": "provider[\"registry.terraform.io/hashicorp/aws\"]",
      "instances": [
        {
          "schema_version": 0,
          "attributes": {
            "id": "aca-voting-app-ecs-execution-role-20260919205359940000000009",
            "policy_arn": "arn:aws:iam::aws:policy/service-role/AmazonECSTaskExecutionRolePolicy",
            "role": "aca-voting-app-ecs-execution-role"
          },
          "sensitive_attributes": [],
          "identity_schema_version": 0,
          "private": "bnVsbA==",
          "dependencies": [
            "aws_iam_role.ecs_execution_role"
          ]
        }
      ]
    },
    {
      "mode": "managed",
      "type": "aws_iam_role_policy_attachment",
      "name": "ecs_execution_secrets",
      "provider": "provider[\"registry.terraform.io/hashicorp/aws\"]",
      "instances": [
        {
          "schema_version": 0,
          "attributes": {
            "id": "aca-voting-app-ecs-execution-role-2026091920540087140000000b",
            "policy_arn": "arn:aws:iam::597936860210:policy/aca-voting-app-ecs-secrets-policy",
            "role": "aca-voting-app-ecs-execution-role"
          },
          "sensitive_attributes": [],
          "identity_schema_version": 0,
          "private": "bnVsbA==",
          "dependencies": [
            "aws_iam_policy.ecs_secrets_policy",
            "aws_iam_role.ecs_execution_role",
            "module.secrets_manager_postgres.aws_secretsmanager_secret.this",
            "module.secrets_manager_valkey.aws_secretsmanager_secret.this"
          ]
        }
      ]
    },
    {
      "mode": "managed",
      "type": "aws_route53_record",
      "name": "cert_validation",
      "provider": "provider[\"registry.terraform.io/hashicorp/aws\"]",
      "instances": [
        {
          "index_key": "*.sergey.c-loud.am",
          "schema_version": 2,
          "attributes": {
            "alias": [],
            "allow_overwrite": true,
            "cidr_routing_policy": [],
            "failover_routing_policy": [],
            "fqdn": "_d86586121d735fece87a3e46fa9a8fc4.sergey.c-loud.am",
            "geolocation_routing_policy": [],
            "geoproximity_routing_policy": [],
            "health_check_id": "",
            "id": "Z04483424JOIMESKDYKS__d86586121d735fece87a3e46fa9a8fc4.sergey.c-loud.am._CNAME",
            "latency_routing_policy": [],
            "multivalue_answer_routing_policy": false,
            "name": "_d86586121d735fece87a3e46fa9a8fc4.sergey.c-loud.am",
            "records": [
              "_caaaea4d371bf4b211b2d3a770509cae.wzccmgtwzk.acm-validations.aws."
            ],
            "set_identifier": "",
            "timeouts": null,
            "ttl": 60,
            "type": "CNAME",
            "weighted_routing_policy": [],
            "zone_id": "Z04483424JOIMESKDYKS"
          },
          "sensitive_attributes": [
            [
              {
                "type": "get_attr",
                "value": "zone_id"
              }
            ]
          ],
          "identity_schema_version": 0,
          "private": "eyJlMmJmYjczMC1lY2FhLTExZTYtOGY4OC0zNDM2M2JjN2M0YzAiOnsiY3JlYXRlIjoxODAwMDAwMDAwMDAwLCJkZWxldGUiOjE4MDAwMDAwMDAwMDAsInVwZGF0ZSI6MTgwMDAwMDAwMDAwMH0sInNjaGVtYV92ZXJzaW9uIjoiMiJ9",
          "dependencies": [
            "aws_acm_certificate.cert",
            "data.aws_ssm_parameter.route53_zone_id"
          ]
        },
        {
          "index_key": "sergey.c-loud.am",
          "schema_version": 2,
          "attributes": {
            "alias": [],
            "allow_overwrite": true,
            "cidr_routing_policy": [],
            "failover_routing_policy": [],
            "fqdn": "_d86586121d735fece87a3e46fa9a8fc4.sergey.c-loud.am",
            "geolocation_routing_policy": [],
            "geoproximity_routing_policy": [],
            "health_check_id": "",
            "id": "Z04483424JOIMESKDYKS__d86586121d735fece87a3e46fa9a8fc4.sergey.c-loud.am._CNAME",
            "latency_routing_policy": [],
            "multivalue_answer_routing_policy": false,
            "name": "_d86586121d735fece87a3e46fa9a8fc4.sergey.c-loud.am",
            "records": [
              "_caaaea4d371bf4b211b2d3a770509cae.wzccmgtwzk.acm-validations.aws."
            ],
            "set_identifier": "",
            "timeouts": null,
            "ttl": 60,
            "type": "CNAME",
            "weighted_routing_policy": [],
            "zone_id": "Z04483424JOIMESKDYKS"
          },
          "sensitive_attributes": [
            [
              {
                "type": "get_attr",
                "value": "zone_id"
              }
            ]
          ],
          "identity_schema_version": 0,
          "private": "eyJlMmJmYjczMC1lY2FhLTExZTYtOGY4OC0zNDM2M2JjN2M0YzAiOnsiY3JlYXRlIjoxODAwMDAwMDAwMDAwLCJkZWxldGUiOjE4MDAwMDAwMDAwMDAsInVwZGF0ZSI6MTgwMDAwMDAwMDAwMH0sInNjaGVtYV92ZXJzaW9uIjoiMiJ9",
          "dependencies": [
            "aws_acm_certificate.cert",
            "data.aws_ssm_parameter.route53_zone_id"
          ]
        }
      ]
    },
    {
      "mode": "managed",
      "type": "aws_route53_record",
      "name": "result",
      "provider": "provider[\"registry.terraform.io/hashicorp/aws\"]",
      "instances": [
        {
          "schema_version": 2,
          "attributes": {
            "alias": [
              {
                "evaluate_target_health": true,
                "name": "aca-voting-app-alb-2040942990.eu-north-1.elb.amazonaws.com",
                "zone_id": "Z23TAZ6LKFMNIO"
              }
            ],
            "allow_overwrite": null,
            "cidr_routing_policy": [],
            "failover_routing_policy": [],
            "fqdn": "result.sergey.c-loud.am",
            "geolocation_routing_policy": [],
            "geoproximity_routing_policy": [],
            "health_check_id": "",
            "id": "Z04483424JOIMESKDYKS_result.sergey.c-loud.am_A",
            "latency_routing_policy": [],
            "multivalue_answer_routing_policy": false,
            "name": "result.sergey.c-loud.am",
            "records": [],
            "set_identifier": "",
            "timeouts": null,
            "ttl": 0,
            "type": "A",
            "weighted_routing_policy": [],
            "zone_id": "Z04483424JOIMESKDYKS"
          },
          "sensitive_attributes": [
            [
              {
                "type": "get_attr",
                "value": "zone_id"
              }
            ]
          ],
          "identity_schema_version": 0,
          "private": "eyJlMmJmYjczMC1lY2FhLTExZTYtOGY4OC0zNDM2M2JjN2M0YzAiOnsiY3JlYXRlIjoxODAwMDAwMDAwMDAwLCJkZWxldGUiOjE4MDAwMDAwMDAwMDAsInVwZGF0ZSI6MTgwMDAwMDAwMDAwMH0sInNjaGVtYV92ZXJzaW9uIjoiMiJ9",
          "dependencies": [
            "data.aws_ssm_parameter.public_subnet_ids",
            "data.aws_ssm_parameter.route53_zone_id",
            "data.aws_ssm_parameter.vpc_id",
            "module.alb.aws_lb.this",
            "module.alb.aws_security_group.this"
          ]
        }
      ]
    },
    {
      "mode": "managed",
      "type": "aws_route53_record",
      "name": "vote",
      "provider": "provider[\"registry.terraform.io/hashicorp/aws\"]",
      "instances": [
        {
          "schema_version": 2,
          "attributes": {
            "alias": [
              {
                "evaluate_target_health": true,
                "name": "aca-voting-app-alb-2040942990.eu-north-1.elb.amazonaws.com",
                "zone_id": "Z23TAZ6LKFMNIO"
              }
            ],
            "allow_overwrite": null,
            "cidr_routing_policy": [],
            "failover_routing_policy": [],
            "fqdn": "vote.sergey.c-loud.am",
            "geolocation_routing_policy": [],
            "geoproximity_routing_policy": [],
            "health_check_id": "",
            "id": "Z04483424JOIMESKDYKS_vote.sergey.c-loud.am_A",
            "latency_routing_policy": [],
            "multivalue_answer_routing_policy": false,
            "name": "vote.sergey.c-loud.am",
            "records": [],
            "set_identifier": "",
            "timeouts": null,
            "ttl": 0,
            "type": "A",
            "weighted_routing_policy": [],
            "zone_id": "Z04483424JOIMESKDYKS"
          },
          "sensitive_attributes": [
            [
              {
                "type": "get_attr",
                "value": "zone_id"
              }
            ]
          ],
          "identity_schema_version": 0,
          "private": "eyJlMmJmYjczMC1lY2FhLTExZTYtOGY4OC0zNDM2M2JjN2M0YzAiOnsiY3JlYXRlIjoxODAwMDAwMDAwMDAwLCJkZWxldGUiOjE4MDAwMDAwMDAwMDAsInVwZGF0ZSI6MTgwMDAwMDAwMDAwMH0sInNjaGVtYV92ZXJzaW9uIjoiMiJ9",
          "dependencies": [
            "data.aws_ssm_parameter.public_subnet_ids",
            "data.aws_ssm_parameter.route53_zone_id",
            "data.aws_ssm_parameter.vpc_id",
            "module.alb.aws_lb.this",
            "module.alb.aws_security_group.this"
          ]
        }
      ]
    },
    {
      "mode": "managed",
      "type": "aws_security_group",
      "name": "result_task",
      "provider": "provider[\"registry.terraform.io/hashicorp/aws\"]",
      "instances": [
        {
          "schema_version": 1,
          "attributes": {
            "arn": "arn:aws:ec2:eu-north-1:597936860210:security-group/sg-098f0586d57367f0a",
            "description": "Allow inbound traffic from ALB to Result service and outbound access",
            "egress": [
              {
                "cidr_blocks": [
                  "0.0.0.0/0"
                ],
                "description": "Allow all outbound traffic for Aurora PostgreSQL and AWS API access",
                "from_port": 0,
                "ipv6_cidr_blocks": [],
                "prefix_list_ids": [],
                "protocol": "-1",
                "security_groups": [],
                "self": false,
                "to_port": 0
              }
            ],
            "id": "sg-098f0586d57367f0a",
            "ingress": [
              {
                "cidr_blocks": [],
                "description": "HTTP inbound traffic from ALB",
                "from_port": 80,
                "ipv6_cidr_blocks": [],
                "prefix_list_ids": [],
                "protocol": "tcp",
                "security_groups": [
                  "sg-076b09be76e6ac155"
                ],
                "self": false,
                "to_port": 80
              }
            ],
            "name": "aca-voting-app-result-task-sg",
            "name_prefix": "",
            "owner_id": "597936860210",
            "revoke_rules_on_delete": false,
            "tags": {
              "Name": "aca-voting-app-result-task-sg"
            },
            "tags_all": {
              "Application": "aca-voting-app",
              "Environment": "production",
              "ManagedBy": "Terraform",
              "Name": "aca-voting-app-result-task-sg"
            },
            "timeouts": null,
            "vpc_id": "vpc-0b0fce02ab20d23a4"
          },
          "sensitive_attributes": [
            [
              {
                "type": "get_attr",
                "value": "vpc_id"
              }
            ]
          ],
          "identity_schema_version": 0,
          "private": "eyJlMmJmYjczMC1lY2FhLTExZTYtOGY4OC0zNDM2M2JjN2M0YzAiOnsiY3JlYXRlIjo2MDAwMDAwMDAwMDAsImRlbGV0ZSI6OTAwMDAwMDAwMDAwfSwic2NoZW1hX3ZlcnNpb24iOiIxIn0=",
          "dependencies": [
            "data.aws_ssm_parameter.vpc_id",
            "module.alb.aws_security_group.this"
          ]
        }
      ]
    },
    {
      "mode": "managed",
      "type": "aws_security_group",
      "name": "valkey",
      "provider": "provider[\"registry.terraform.io/hashicorp/aws\"]",
      "instances": [
        {
          "schema_version": 1,
          "attributes": {
            "arn": "arn:aws:ec2:eu-north-1:597936860210:security-group/sg-09cb692e45d5c4e70",
            "description": "Security group for AWS ElastiCache Valkey (Allows Vote and Worker tasks)",
            "egress": [
              {
                "cidr_blocks": [
                  "0.0.0.0/0"
                ],
                "description": "Allow all outbound traffic",
                "from_port": 0,
                "ipv6_cidr_blocks": [],
                "prefix_list_ids": [],
                "protocol": "-1",
                "security_groups": [],
                "self": false,
                "to_port": 0
              }
            ],
            "id": "sg-09cb692e45d5c4e70",
            "ingress": [
              {
                "cidr_blocks": [],
                "description": "Valkey traffic from Vote task",
                "from_port": 6379,
                "ipv6_cidr_blocks": [],
                "prefix_list_ids": [],
                "protocol": "tcp",
                "security_groups": [
                  "sg-09ddd75d36a689ae6"
                ],
                "self": false,
                "to_port": 6379
              },
              {
                "cidr_blocks": [],
                "description": "Valkey traffic from Worker task",
                "from_port": 6379,
                "ipv6_cidr_blocks": [],
                "prefix_list_ids": [],
                "protocol": "tcp",
                "security_groups": [
                  "sg-0d2fde29138deb496"
                ],
                "self": false,
                "to_port": 6379
              }
            ],
            "name": "aca-voting-app-valkey-sg",
            "name_prefix": "",
            "owner_id": "597936860210",
            "revoke_rules_on_delete": false,
            "tags": {
              "Name": "aca-voting-app-valkey-sg"
            },
            "tags_all": {
              "Application": "aca-voting-app",
              "Environment": "production",
              "ManagedBy": "Terraform",
              "Name": "aca-voting-app-valkey-sg"
            },
            "timeouts": null,
            "vpc_id": "vpc-0b0fce02ab20d23a4"
          },
          "sensitive_attributes": [
            [
              {
                "type": "get_attr",
                "value": "vpc_id"
              }
            ]
          ],
          "identity_schema_version": 0,
          "private": "eyJlMmJmYjczMC1lY2FhLTExZTYtOGY4OC0zNDM2M2JjN2M0YzAiOnsiY3JlYXRlIjo2MDAwMDAwMDAwMDAsImRlbGV0ZSI6OTAwMDAwMDAwMDAwfSwic2NoZW1hX3ZlcnNpb24iOiIxIn0=",
          "dependencies": [
            "aws_security_group.vote_task",
            "aws_security_group.worker_task",
            "data.aws_ssm_parameter.vpc_id",
            "module.alb.aws_security_group.this"
          ]
        }
      ]
    },
    {
      "mode": "managed",
      "type": "aws_security_group",
      "name": "vote_task",
      "provider": "provider[\"registry.terraform.io/hashicorp/aws\"]",
      "instances": [
        {
          "schema_version": 1,
          "attributes": {
            "arn": "arn:aws:ec2:eu-north-1:597936860210:security-group/sg-09ddd75d36a689ae6",
            "description": "Allow inbound traffic from ALB to Vote service and outbound access",
            "egress": [
              {
                "cidr_blocks": [
                  "0.0.0.0/0"
                ],
                "description": "Allow all outbound traffic for Valkey and AWS API access",
                "from_port": 0,
                "ipv6_cidr_blocks": [],
                "prefix_list_ids": [],
                "protocol": "-1",
                "security_groups": [],
                "self": false,
                "to_port": 0
              }
            ],
            "id": "sg-09ddd75d36a689ae6",
            "ingress": [
              {
                "cidr_blocks": [],
                "description": "HTTP inbound traffic from ALB",
                "from_port": 80,
                "ipv6_cidr_blocks": [],
                "prefix_list_ids": [],
                "protocol": "tcp",
                "security_groups": [
                  "sg-076b09be76e6ac155"
                ],
                "self": false,
                "to_port": 80
              }
            ],
            "name": "aca-voting-app-vote-task-sg",
            "name_prefix": "",
            "owner_id": "597936860210",
            "revoke_rules_on_delete": false,
            "tags": {
              "Name": "aca-voting-app-vote-task-sg"
            },
            "tags_all": {
              "Application": "aca-voting-app",
              "Environment": "production",
              "ManagedBy": "Terraform",
              "Name": "aca-voting-app-vote-task-sg"
            },
            "timeouts": null,
            "vpc_id": "vpc-0b0fce02ab20d23a4"
          },
          "sensitive_attributes": [
            [
              {
                "type": "get_attr",
                "value": "vpc_id"
              }
            ]
          ],
          "identity_schema_version": 0,
          "private": "eyJlMmJmYjczMC1lY2FhLTExZTYtOGY4OC0zNDM2M2JjN2M0YzAiOnsiY3JlYXRlIjo2MDAwMDAwMDAwMDAsImRlbGV0ZSI6OTAwMDAwMDAwMDAwfSwic2NoZW1hX3ZlcnNpb24iOiIxIn0=",
          "dependencies": [
            "data.aws_ssm_parameter.vpc_id",
            "module.alb.aws_security_group.this"
          ]
        }
      ]
    },
    {
      "mode": "managed",
      "type": "aws_security_group",
      "name": "worker_task",
      "provider": "provider[\"registry.terraform.io/hashicorp/aws\"]",
      "instances": [
        {
          "schema_version": 1,
          "attributes": {
            "arn": "arn:aws:ec2:eu-north-1:597936860210:security-group/sg-0d2fde29138deb496",
            "description": "Background worker service security group (No inbound access required)",
            "egress": [
              {
                "cidr_blocks": [
                  "0.0.0.0/0"
                ],
                "description": "Allow all outbound traffic for Valkey, Aurora PostgreSQL, and AWS API access",
                "from_port": 0,
                "ipv6_cidr_blocks": [],
                "prefix_list_ids": [],
                "protocol": "-1",
                "security_groups": [],
                "self": false,
                "to_port": 0
              }
            ],
            "id": "sg-0d2fde29138deb496",
            "ingress": [],
            "name": "aca-voting-app-worker-task-sg",
            "name_prefix": "",
            "owner_id": "597936860210",
            "revoke_rules_on_delete": false,
            "tags": {
              "Name": "aca-voting-app-worker-task-sg"
            },
            "tags_all": {
              "Application": "aca-voting-app",
              "Environment": "production",
              "ManagedBy": "Terraform",
              "Name": "aca-voting-app-worker-task-sg"
            },
            "timeouts": null,
            "vpc_id": "vpc-0b0fce02ab20d23a4"
          },
          "sensitive_attributes": [
            [
              {
                "type": "get_attr",
                "value": "vpc_id"
              }
            ]
          ],
          "identity_schema_version": 0,
          "private": "eyJlMmJmYjczMC1lY2FhLTExZTYtOGY4OC0zNDM2M2JjN2M0YzAiOnsiY3JlYXRlIjo2MDAwMDAwMDAwMDAsImRlbGV0ZSI6OTAwMDAwMDAwMDAwfSwic2NoZW1hX3ZlcnNpb24iOiIxIn0=",
          "dependencies": [
            "data.aws_ssm_parameter.vpc_id"
          ]
        }
      ]
    },
    {
      "mode": "managed",
      "type": "random_password",
      "name": "postgres_password",
      "provider": "provider[\"registry.terraform.io/hashicorp/random\"]",
      "instances": [
        {
          "schema_version": 3,
          "attributes": {
            "bcrypt_hash": "$2a$10$gIc7u4MQ2HxDAxPojdkN4.GhDag9Y4oRcubMlj1Qu.GSHzEVQShqO",
            "id": "none",
            "keepers": null,
            "length": 16,
            "lower": true,
            "min_lower": 0,
            "min_numeric": 0,
            "min_special": 0,
            "min_upper": 0,
            "number": true,
            "numeric": true,
            "override_special": null,
            "result": "Iwli79t4sbtD4cl8",
            "special": false,
            "upper": true
          },
          "sensitive_attributes": [
            [
              {
                "type": "get_attr",
                "value": "bcrypt_hash"
              }
            ],
            [
              {
                "type": "get_attr",
                "value": "result"
              }
            ]
          ],
          "identity_schema_version": 0,
          "create_before_destroy": true
        }
      ]
    },
    {
      "mode": "managed",
      "type": "random_password",
      "name": "valkey_password",
      "provider": "provider[\"registry.terraform.io/hashicorp/random\"]",
      "instances": [
        {
          "schema_version": 3,
          "attributes": {
            "bcrypt_hash": "$2a$10$CxRWcLsNWnT9Tv7xs8eqK.DWLEkAFIs0fmr6OEB27ndaNg2ZIS0r2",
            "id": "none",
            "keepers": null,
            "length": 16,
            "lower": true,
            "min_lower": 0,
            "min_numeric": 0,
            "min_special": 0,
            "min_upper": 0,
            "number": true,
            "numeric": true,
            "override_special": null,
            "result": "xMNn7wXRQDlIYxC6",
            "special": false,
            "upper": true
          },
          "sensitive_attributes": [
            [
              {
                "type": "get_attr",
                "value": "bcrypt_hash"
              }
            ],
            [
              {
                "type": "get_attr",
                "value": "result"
              }
            ]
          ],
          "identity_schema_version": 0
        }
      ]
    },
    {
      "module": "module.alb",
      "mode": "data",
      "type": "aws_partition",
      "name": "current",
      "provider": "provider[\"registry.terraform.io/hashicorp/aws\"]",
      "instances": [
        {
          "schema_version": 0,
          "attributes": {
            "dns_suffix": "amazonaws.com",
            "id": "aws",
            "partition": "aws",
            "reverse_dns_prefix": "com.amazonaws"
          },
          "sensitive_attributes": [],
          "identity_schema_version": 0
        }
      ]
    },
    {
      "module": "module.alb",
      "mode": "managed",
      "type": "aws_lambda_permission",
      "name": "this",
      "provider": "provider[\"registry.terraform.io/hashicorp/aws\"]",
      "instances": []
    },
    {
      "module": "module.alb",
      "mode": "managed",
      "type": "aws_lb",
      "name": "this",
      "provider": "provider[\"registry.terraform.io/hashicorp/aws\"]",
      "instances": [
        {
          "index_key": 0,
          "schema_version": 0,
          "attributes": {
            "access_logs": [
              {
                "bucket": "",
                "enabled": false,
                "prefix": ""
              }
            ],
            "arn": "arn:aws:elasticloadbalancing:eu-north-1:597936860210:loadbalancer/app/aca-voting-app-alb/8d56328e3d693d02",
            "arn_suffix": "app/aca-voting-app-alb/8d56328e3d693d02",
            "client_keep_alive": 3600,
            "connection_logs": [
              {
                "bucket": "",
                "enabled": false,
                "prefix": ""
              }
            ],
            "customer_owned_ipv4_pool": "",
            "desync_mitigation_mode": "defensive",
            "dns_name": "aca-voting-app-alb-2040942990.eu-north-1.elb.amazonaws.com",
            "dns_record_client_routing_policy": null,
            "drop_invalid_header_fields": true,
            "enable_cross_zone_load_balancing": true,
            "enable_deletion_protection": false,
            "enable_http2": true,
            "enable_tls_version_and_cipher_suite_headers": false,
            "enable_waf_fail_open": false,
            "enable_xff_client_port": false,
            "enable_zonal_shift": false,
            "enforce_security_group_inbound_rules_on_private_link_traffic": "",
            "id": "arn:aws:elasticloadbalancing:eu-north-1:597936860210:loadbalancer/app/aca-voting-app-alb/8d56328e3d693d02",
            "idle_timeout": 60,
            "internal": false,
            "ip_address_type": "ipv4",
            "ipam_pools": [],
            "load_balancer_type": "application",
            "minimum_load_balancer_capacity": [],
            "name": "aca-voting-app-alb",
            "name_prefix": "",
            "preserve_host_header": false,
            "security_groups": [
              "sg-076b09be76e6ac155"
            ],
            "subnet_mapping": [
              {
                "allocation_id": "",
                "ipv6_address": "",
                "outpost_id": "",
                "private_ipv4_address": "",
                "subnet_id": "subnet-001e0b414a6336eac"
              },
              {
                "allocation_id": "",
                "ipv6_address": "",
                "outpost_id": "",
                "private_ipv4_address": "",
                "subnet_id": "subnet-0c5e252dcafaf9786"
              }
            ],
            "subnets": [
              "subnet-001e0b414a6336eac",
              "subnet-0c5e252dcafaf9786"
            ],
            "tags": {
              "Name": "aca-voting-app-alb",
              "terraform-aws-modules": "alb"
            },
            "tags_all": {
              "Application": "aca-voting-app",
              "Environment": "production",
              "ManagedBy": "Terraform",
              "Name": "aca-voting-app-alb",
              "terraform-aws-modules": "alb"
            },
            "timeouts": {
              "create": null,
              "delete": null,
              "update": null
            },
            "vpc_id": "vpc-0b0fce02ab20d23a4",
            "xff_header_processing_mode": "append",
            "zone_id": "Z23TAZ6LKFMNIO"
          },
          "sensitive_attributes": [
            [
              {
                "type": "get_attr",
                "value": "subnets"
              }
            ]
          ],
          "identity_schema_version": 0,
          "private": "eyJlMmJmYjczMC1lY2FhLTExZTYtOGY4OC0zNDM2M2JjN2M0YzAiOnsiY3JlYXRlIjo2MDAwMDAwMDAwMDAsImRlbGV0ZSI6NjAwMDAwMDAwMDAwLCJ1cGRhdGUiOjYwMDAwMDAwMDAwMH19",
          "dependencies": [
            "data.aws_ssm_parameter.public_subnet_ids",
            "data.aws_ssm_parameter.vpc_id",
            "module.alb.aws_security_group.this"
          ]
        }
      ]
    },
    {
      "module": "module.alb",
      "mode": "managed",
      "type": "aws_lb_listener",
      "name": "this",
      "provider": "provider[\"registry.terraform.io/hashicorp/aws\"]",
      "instances": [
        {
          "index_key": "http",
          "schema_version": 0,
          "attributes": {
            "alpn_policy": null,
            "arn": "arn:aws:elasticloadbalancing:eu-north-1:597936860210:listener/app/aca-voting-app-alb/8d56328e3d693d02/c11cabe3412f7726",
            "certificate_arn": null,
            "default_action": [
              {
                "authenticate_cognito": [],
                "authenticate_oidc": [],
                "fixed_response": [],
                "forward": [],
                "order": 1,
                "redirect": [
                  {
                    "host": "#{host}",
                    "path": "/#{path}",
                    "port": "443",
                    "protocol": "HTTPS",
                    "query": "#{query}",
                    "status_code": "HTTP_301"
                  }
                ],
                "target_group_arn": "",
                "type": "redirect"
              }
            ],
            "id": "arn:aws:elasticloadbalancing:eu-north-1:597936860210:listener/app/aca-voting-app-alb/8d56328e3d693d02/c11cabe3412f7726",
            "load_balancer_arn": "arn:aws:elasticloadbalancing:eu-north-1:597936860210:loadbalancer/app/aca-voting-app-alb/8d56328e3d693d02",
            "mutual_authentication": [],
            "port": 80,
            "protocol": "HTTP",
            "routing_http_request_x_amzn_mtls_clientcert_header_name": null,
            "routing_http_request_x_amzn_mtls_clientcert_issuer_header_name": null,
            "routing_http_request_x_amzn_mtls_clientcert_leaf_header_name": null,
            "routing_http_request_x_amzn_mtls_clientcert_serial_number_header_name": null,
            "routing_http_request_x_amzn_mtls_clientcert_subject_header_name": null,
            "routing_http_request_x_amzn_mtls_clientcert_validity_header_name": null,
            "routing_http_request_x_amzn_tls_cipher_suite_header_name": null,
            "routing_http_request_x_amzn_tls_version_header_name": null,
            "routing_http_response_access_control_allow_credentials_header_value": "",
            "routing_http_response_access_control_allow_headers_header_value": "",
            "routing_http_response_access_control_allow_methods_header_value": "",
            "routing_http_response_access_control_allow_origin_header_value": "",
            "routing_http_response_access_control_expose_headers_header_value": "",
            "routing_http_response_access_control_max_age_header_value": "",
            "routing_http_response_content_security_policy_header_value": "",
            "routing_http_response_server_enabled": true,
            "routing_http_response_strict_transport_security_header_value": "",
            "routing_http_response_x_content_type_options_header_value": "",
            "routing_http_response_x_frame_options_header_value": "",
            "ssl_policy": "",
            "tags": {
              "Name": "aca-voting-app-alb",
              "terraform-aws-modules": "alb"
            },
            "tags_all": {
              "Application": "aca-voting-app",
              "Environment": "production",
              "ManagedBy": "Terraform",
              "Name": "aca-voting-app-alb",
              "terraform-aws-modules": "alb"
            },
            "tcp_idle_timeout_seconds": null,
            "timeouts": null
          },
          "sensitive_attributes": [],
          "identity_schema_version": 0,
          "private": "eyJlMmJmYjczMC1lY2FhLTExZTYtOGY4OC0zNDM2M2JjN2M0YzAiOnsiY3JlYXRlIjozMDAwMDAwMDAwMDAsInVwZGF0ZSI6MzAwMDAwMDAwMDAwfX0=",
          "dependencies": [
            "aws_acm_certificate.cert",
            "aws_acm_certificate_validation.cert",
            "aws_route53_record.cert_validation",
            "data.aws_ssm_parameter.public_subnet_ids",
            "data.aws_ssm_parameter.route53_zone_id",
            "data.aws_ssm_parameter.vpc_id",
            "module.alb.aws_lb.this",
            "module.alb.aws_lb_target_group.this",
            "module.alb.aws_security_group.this"
          ]
        },
        {
          "index_key": "https",
          "schema_version": 0,
          "attributes": {
            "alpn_policy": null,
            "arn": "arn:aws:elasticloadbalancing:eu-north-1:597936860210:listener/app/aca-voting-app-alb/8d56328e3d693d02/16e6e9cff4a2207d",
            "certificate_arn": "arn:aws:acm:eu-north-1:597936860210:certificate/9e020264-788b-43da-ba79-5225851bbf1c",
            "default_action": [
              {
                "authenticate_cognito": [],
                "authenticate_oidc": [],
                "fixed_response": [],
                "forward": [],
                "order": 1,
                "redirect": [],
                "target_group_arn": "arn:aws:elasticloadbalancing:eu-north-1:597936860210:targetgroup/vote-20260919205358500300000006/e0ab9b922a96d772",
                "type": "forward"
              }
            ],
            "id": "arn:aws:elasticloadbalancing:eu-north-1:597936860210:listener/app/aca-voting-app-alb/8d56328e3d693d02/16e6e9cff4a2207d",
            "load_balancer_arn": "arn:aws:elasticloadbalancing:eu-north-1:597936860210:loadbalancer/app/aca-voting-app-alb/8d56328e3d693d02",
            "mutual_authentication": [
              {
                "advertise_trust_store_ca_names": "",
                "ignore_client_certificate_expiry": false,
                "mode": "off",
                "trust_store_arn": ""
              }
            ],
            "port": 443,
            "protocol": "HTTPS",
            "routing_http_request_x_amzn_mtls_clientcert_header_name": "",
            "routing_http_request_x_amzn_mtls_clientcert_issuer_header_name": "",
            "routing_http_request_x_amzn_mtls_clientcert_leaf_header_name": "",
            "routing_http_request_x_amzn_mtls_clientcert_serial_number_header_name": "",
            "routing_http_request_x_amzn_mtls_clientcert_subject_header_name": "",
            "routing_http_request_x_amzn_mtls_clientcert_validity_header_name": "",
            "routing_http_request_x_amzn_tls_cipher_suite_header_name": "",
            "routing_http_request_x_amzn_tls_version_header_name": "",
            "routing_http_response_access_control_allow_credentials_header_value": "",
            "routing_http_response_access_control_allow_headers_header_value": "",
            "routing_http_response_access_control_allow_methods_header_value": "",
            "routing_http_response_access_control_allow_origin_header_value": "",
            "routing_http_response_access_control_expose_headers_header_value": "",
            "routing_http_response_access_control_max_age_header_value": "",
            "routing_http_response_content_security_policy_header_value": "",
            "routing_http_response_server_enabled": true,
            "routing_http_response_strict_transport_security_header_value": "",
            "routing_http_response_x_content_type_options_header_value": "",
            "routing_http_response_x_frame_options_header_value": "",
            "ssl_policy": "ELBSecurityPolicy-TLS13-1-2-Res-2021-06",
            "tags": {
              "Name": "aca-voting-app-alb",
              "terraform-aws-modules": "alb"
            },
            "tags_all": {
              "Application": "aca-voting-app",
              "Environment": "production",
              "ManagedBy": "Terraform",
              "Name": "aca-voting-app-alb",
              "terraform-aws-modules": "alb"
            },
            "tcp_idle_timeout_seconds": null,
            "timeouts": null
          },
          "sensitive_attributes": [],
          "identity_schema_version": 0,
          "private": "eyJlMmJmYjczMC1lY2FhLTExZTYtOGY4OC0zNDM2M2JjN2M0YzAiOnsiY3JlYXRlIjozMDAwMDAwMDAwMDAsInVwZGF0ZSI6MzAwMDAwMDAwMDAwfX0=",
          "dependencies": [
            "aws_acm_certificate.cert",
            "aws_acm_certificate_validation.cert",
            "aws_route53_record.cert_validation",
            "data.aws_ssm_parameter.public_subnet_ids",
            "data.aws_ssm_parameter.route53_zone_id",
            "data.aws_ssm_parameter.vpc_id",
            "module.alb.aws_lb.this",
            "module.alb.aws_lb_target_group.this",
            "module.alb.aws_security_group.this"
          ]
        },
        {
          "index_key": "result_https",
          "schema_version": 0,
          "attributes": {
            "alpn_policy": null,
            "arn": "arn:aws:elasticloadbalancing:eu-north-1:597936860210:listener/app/aca-voting-app-alb/8d56328e3d693d02/293854faf4ae49db",
            "certificate_arn": "arn:aws:acm:eu-north-1:597936860210:certificate/9e020264-788b-43da-ba79-5225851bbf1c",
            "default_action": [
              {
                "authenticate_cognito": [],
                "authenticate_oidc": [],
                "fixed_response": [],
                "forward": [],
                "order": 1,
                "redirect": [],
                "target_group_arn": "arn:aws:elasticloadbalancing:eu-north-1:597936860210:targetgroup/rslt-20260919205358523300000007/dff490837c2471ad",
                "type": "forward"
              }
            ],
            "id": "arn:aws:elasticloadbalancing:eu-north-1:597936860210:listener/app/aca-voting-app-alb/8d56328e3d693d02/293854faf4ae49db",
            "load_balancer_arn": "arn:aws:elasticloadbalancing:eu-north-1:597936860210:loadbalancer/app/aca-voting-app-alb/8d56328e3d693d02",
            "mutual_authentication": [
              {
                "advertise_trust_store_ca_names": "",
                "ignore_client_certificate_expiry": false,
                "mode": "off",
                "trust_store_arn": ""
              }
            ],
            "port": 8443,
            "protocol": "HTTPS",
            "routing_http_request_x_amzn_mtls_clientcert_header_name": "",
            "routing_http_request_x_amzn_mtls_clientcert_issuer_header_name": "",
            "routing_http_request_x_amzn_mtls_clientcert_leaf_header_name": "",
            "routing_http_request_x_amzn_mtls_clientcert_serial_number_header_name": "",
            "routing_http_request_x_amzn_mtls_clientcert_subject_header_name": "",
            "routing_http_request_x_amzn_mtls_clientcert_validity_header_name": "",
            "routing_http_request_x_amzn_tls_cipher_suite_header_name": "",
            "routing_http_request_x_amzn_tls_version_header_name": "",
            "routing_http_response_access_control_allow_credentials_header_value": "",
            "routing_http_response_access_control_allow_headers_header_value": "",
            "routing_http_response_access_control_allow_methods_header_value": "",
            "routing_http_response_access_control_allow_origin_header_value": "",
            "routing_http_response_access_control_expose_headers_header_value": "",
            "routing_http_response_access_control_max_age_header_value": "",
            "routing_http_response_content_security_policy_header_value": "",
            "routing_http_response_server_enabled": true,
            "routing_http_response_strict_transport_security_header_value": "",
            "routing_http_response_x_content_type_options_header_value": "",
            "routing_http_response_x_frame_options_header_value": "",
            "ssl_policy": "ELBSecurityPolicy-TLS13-1-2-Res-2021-06",
            "tags": {
              "Name": "aca-voting-app-alb",
              "terraform-aws-modules": "alb"
            },
            "tags_all": {
              "Application": "aca-voting-app",
              "Environment": "production",
              "ManagedBy": "Terraform",
              "Name": "aca-voting-app-alb",
              "terraform-aws-modules": "alb"
            },
            "tcp_idle_timeout_seconds": null,
            "timeouts": null
          },
          "sensitive_attributes": [],
          "identity_schema_version": 0,
          "private": "eyJlMmJmYjczMC1lY2FhLTExZTYtOGY4OC0zNDM2M2JjN2M0YzAiOnsiY3JlYXRlIjozMDAwMDAwMDAwMDAsInVwZGF0ZSI6MzAwMDAwMDAwMDAwfX0=",
          "dependencies": [
            "aws_acm_certificate.cert",
            "aws_acm_certificate_validation.cert",
            "aws_route53_record.cert_validation",
            "data.aws_ssm_parameter.public_subnet_ids",
            "data.aws_ssm_parameter.route53_zone_id",
            "data.aws_ssm_parameter.vpc_id",
            "module.alb.aws_lb.this",
            "module.alb.aws_lb_target_group.this",
            "module.alb.aws_security_group.this"
          ]
        }
      ]
    },
    {
      "module": "module.alb",
      "mode": "managed",
      "type": "aws_lb_listener_certificate",
      "name": "this",
      "provider": "provider[\"registry.terraform.io/hashicorp/aws\"]",
      "instances": []
    },
    {
      "module": "module.alb",
      "mode": "managed",
      "type": "aws_lb_listener_rule",
      "name": "this",
      "provider": "provider[\"registry.terraform.io/hashicorp/aws\"]",
      "instances": [
        {
          "index_key": "https/result_host",
          "schema_version": 0,
          "attributes": {
            "action": [
              {
                "authenticate_cognito": [],
                "authenticate_oidc": [],
                "fixed_response": [],
                "forward": [],
                "order": 1,
                "redirect": [],
                "target_group_arn": "arn:aws:elasticloadbalancing:eu-north-1:597936860210:targetgroup/rslt-20260919205358523300000007/dff490837c2471ad",
                "type": "forward"
              }
            ],
            "arn": "arn:aws:elasticloadbalancing:eu-north-1:597936860210:listener-rule/app/aca-voting-app-alb/8d56328e3d693d02/16e6e9cff4a2207d/f8c4fe49ed8f241a",
            "condition": [
              {
                "host_header": [
                  {
                    "values": [
                      "result.sergey.c-loud.am"
                    ]
                  }
                ],
                "http_header": [],
                "http_request_method": [],
                "path_pattern": [],
                "query_string": [],
                "source_ip": []
              }
            ],
            "id": "arn:aws:elasticloadbalancing:eu-north-1:597936860210:listener-rule/app/aca-voting-app-alb/8d56328e3d693d02/16e6e9cff4a2207d/f8c4fe49ed8f241a",
            "listener_arn": "arn:aws:elasticloadbalancing:eu-north-1:597936860210:listener/app/aca-voting-app-alb/8d56328e3d693d02/16e6e9cff4a2207d",
            "priority": 1,
            "tags": {
              "Name": "aca-voting-app-alb",
              "terraform-aws-modules": "alb"
            },
            "tags_all": {
              "Application": "aca-voting-app",
              "Environment": "production",
              "ManagedBy": "Terraform",
              "Name": "aca-voting-app-alb",
              "terraform-aws-modules": "alb"
            }
          },
          "sensitive_attributes": [],
          "identity_schema_version": 0,
          "private": "bnVsbA==",
          "dependencies": [
            "aws_acm_certificate.cert",
            "aws_acm_certificate_validation.cert",
            "aws_route53_record.cert_validation",
            "data.aws_ssm_parameter.public_subnet_ids",
            "data.aws_ssm_parameter.route53_zone_id",
            "data.aws_ssm_parameter.vpc_id",
            "module.alb.aws_lb.this",
            "module.alb.aws_lb_listener.this",
            "module.alb.aws_lb_target_group.this",
            "module.alb.aws_security_group.this"
          ]
        },
        {
          "index_key": "https/vote_host",
          "schema_version": 0,
          "attributes": {
            "action": [
              {
                "authenticate_cognito": [],
                "authenticate_oidc": [],
                "fixed_response": [],
                "forward": [],
                "order": 1,
                "redirect": [],
                "target_group_arn": "arn:aws:elasticloadbalancing:eu-north-1:597936860210:targetgroup/vote-20260919205358500300000006/e0ab9b922a96d772",
                "type": "forward"
              }
            ],
            "arn": "arn:aws:elasticloadbalancing:eu-north-1:597936860210:listener-rule/app/aca-voting-app-alb/8d56328e3d693d02/16e6e9cff4a2207d/f03aa45234da2913",
            "condition": [
              {
                "host_header": [
                  {
                    "values": [
                      "vote.sergey.c-loud.am"
                    ]
                  }
                ],
                "http_header": [],
                "http_request_method": [],
                "path_pattern": [],
                "query_string": [],
                "source_ip": []
              }
            ],
            "id": "arn:aws:elasticloadbalancing:eu-north-1:597936860210:listener-rule/app/aca-voting-app-alb/8d56328e3d693d02/16e6e9cff4a2207d/f03aa45234da2913",
            "listener_arn": "arn:aws:elasticloadbalancing:eu-north-1:597936860210:listener/app/aca-voting-app-alb/8d56328e3d693d02/16e6e9cff4a2207d",
            "priority": 2,
            "tags": {
              "Name": "aca-voting-app-alb",
              "terraform-aws-modules": "alb"
            },
            "tags_all": {
              "Application": "aca-voting-app",
              "Environment": "production",
              "ManagedBy": "Terraform",
              "Name": "aca-voting-app-alb",
              "terraform-aws-modules": "alb"
            }
          },
          "sensitive_attributes": [],
          "identity_schema_version": 0,
          "private": "bnVsbA==",
          "dependencies": [
            "aws_acm_certificate.cert",
            "aws_acm_certificate_validation.cert",
            "aws_route53_record.cert_validation",
            "data.aws_ssm_parameter.public_subnet_ids",
            "data.aws_ssm_parameter.route53_zone_id",
            "data.aws_ssm_parameter.vpc_id",
            "module.alb.aws_lb.this",
            "module.alb.aws_lb_listener.this",
            "module.alb.aws_lb_target_group.this",
            "module.alb.aws_security_group.this"
          ]
        }
      ]
    },
    {
      "module": "module.alb",
      "mode": "managed",
      "type": "aws_lb_target_group",
      "name": "this",
      "provider": "provider[\"registry.terraform.io/hashicorp/aws\"]",
      "instances": [
        {
          "index_key": "result",
          "schema_version": 0,
          "attributes": {
            "arn": "arn:aws:elasticloadbalancing:eu-north-1:597936860210:targetgroup/rslt-20260919205358523300000007/dff490837c2471ad",
            "arn_suffix": "targetgroup/rslt-20260919205358523300000007/dff490837c2471ad",
            "connection_termination": null,
            "deregistration_delay": "300",
            "health_check": [
              {
                "enabled": true,
                "healthy_threshold": 3,
                "interval": 15,
                "matcher": "200-399",
                "path": "/",
                "port": "traffic-port",
                "protocol": "HTTP",
                "timeout": 5,
                "unhealthy_threshold": 3
              }
            ],
            "id": "arn:aws:elasticloadbalancing:eu-north-1:597936860210:targetgroup/rslt-20260919205358523300000007/dff490837c2471ad",
            "ip_address_type": "ipv4",
            "lambda_multi_value_headers_enabled": false,
            "load_balancer_arns": [
              "arn:aws:elasticloadbalancing:eu-north-1:597936860210:loadbalancer/app/aca-voting-app-alb/8d56328e3d693d02"
            ],
            "load_balancing_algorithm_type": "round_robin",
            "load_balancing_anomaly_mitigation": "off",
            "load_balancing_cross_zone_enabled": "use_load_balancer_configuration",
            "name": "rslt-20260919205358523300000007",
            "name_prefix": "rslt-",
            "port": 80,
            "preserve_client_ip": null,
            "protocol": "HTTP",
            "protocol_version": "HTTP1",
            "proxy_protocol_v2": false,
            "slow_start": 0,
            "stickiness": [
              {
                "cookie_duration": 86400,
                "cookie_name": "",
                "enabled": false,
                "type": "lb_cookie"
              }
            ],
            "tags": {
              "Name": "aca-voting-app-alb",
              "terraform-aws-modules": "alb"
            },
            "tags_all": {
              "Application": "aca-voting-app",
              "Environment": "production",
              "ManagedBy": "Terraform",
              "Name": "aca-voting-app-alb",
              "terraform-aws-modules": "alb"
            },
            "target_failover": [
              {
                "on_deregistration": null,
                "on_unhealthy": null
              }
            ],
            "target_group_health": [
              {
                "dns_failover": [
                  {
                    "minimum_healthy_targets_count": "1",
                    "minimum_healthy_targets_percentage": "off"
                  }
                ],
                "unhealthy_state_routing": [
                  {
                    "minimum_healthy_targets_count": 1,
                    "minimum_healthy_targets_percentage": "off"
                  }
                ]
              }
            ],
            "target_health_state": [
              {
                "enable_unhealthy_connection_termination": null,
                "unhealthy_draining_interval": null
              }
            ],
            "target_type": "ip",
            "vpc_id": "vpc-0b0fce02ab20d23a4"
          },
          "sensitive_attributes": [
            [
              {
                "type": "get_attr",
                "value": "vpc_id"
              }
            ]
          ],
          "identity_schema_version": 0,
          "private": "bnVsbA==",
          "dependencies": [
            "data.aws_ssm_parameter.vpc_id"
          ],
          "create_before_destroy": true
        },
        {
          "index_key": "vote",
          "schema_version": 0,
          "attributes": {
            "arn": "arn:aws:elasticloadbalancing:eu-north-1:597936860210:targetgroup/vote-20260919205358500300000006/e0ab9b922a96d772",
            "arn_suffix": "targetgroup/vote-20260919205358500300000006/e0ab9b922a96d772",
            "connection_termination": null,
            "deregistration_delay": "300",
            "health_check": [
              {
                "enabled": true,
                "healthy_threshold": 3,
                "interval": 15,
                "matcher": "200-399",
                "path": "/",
                "port": "traffic-port",
                "protocol": "HTTP",
                "timeout": 5,
                "unhealthy_threshold": 3
              }
            ],
            "id": "arn:aws:elasticloadbalancing:eu-north-1:597936860210:targetgroup/vote-20260919205358500300000006/e0ab9b922a96d772",
            "ip_address_type": "ipv4",
            "lambda_multi_value_headers_enabled": false,
            "load_balancer_arns": [
              "arn:aws:elasticloadbalancing:eu-north-1:597936860210:loadbalancer/app/aca-voting-app-alb/8d56328e3d693d02"
            ],
            "load_balancing_algorithm_type": "round_robin",
            "load_balancing_anomaly_mitigation": "off",
            "load_balancing_cross_zone_enabled": "use_load_balancer_configuration",
            "name": "vote-20260919205358500300000006",
            "name_prefix": "vote-",
            "port": 80,
            "preserve_client_ip": null,
            "protocol": "HTTP",
            "protocol_version": "HTTP1",
            "proxy_protocol_v2": false,
            "slow_start": 0,
            "stickiness": [
              {
                "cookie_duration": 86400,
                "cookie_name": "",
                "enabled": false,
                "type": "lb_cookie"
              }
            ],
            "tags": {
              "Name": "aca-voting-app-alb",
              "terraform-aws-modules": "alb"
            },
            "tags_all": {
              "Application": "aca-voting-app",
              "Environment": "production",
              "ManagedBy": "Terraform",
              "Name": "aca-voting-app-alb",
              "terraform-aws-modules": "alb"
            },
            "target_failover": [
              {
                "on_deregistration": null,
                "on_unhealthy": null
              }
            ],
            "target_group_health": [
              {
                "dns_failover": [
                  {
                    "minimum_healthy_targets_count": "1",
                    "minimum_healthy_targets_percentage": "off"
                  }
                ],
                "unhealthy_state_routing": [
                  {
                    "minimum_healthy_targets_count": 1,
                    "minimum_healthy_targets_percentage": "off"
                  }
                ]
              }
            ],
            "target_health_state": [
              {
                "enable_unhealthy_connection_termination": null,
                "unhealthy_draining_interval": null
              }
            ],
            "target_type": "ip",
            "vpc_id": "vpc-0b0fce02ab20d23a4"
          },
          "sensitive_attributes": [
            [
              {
                "type": "get_attr",
                "value": "vpc_id"
              }
            ]
          ],
          "identity_schema_version": 0,
          "private": "bnVsbA==",
          "dependencies": [
            "data.aws_ssm_parameter.vpc_id"
          ],
          "create_before_destroy": true
        }
      ]
    },
    {
      "module": "module.alb",
      "mode": "managed",
      "type": "aws_lb_target_group_attachment",
      "name": "additional",
      "provider": "provider[\"registry.terraform.io/hashicorp/aws\"]",
      "instances": []
    },
    {
      "module": "module.alb",
      "mode": "managed",
      "type": "aws_lb_target_group_attachment",
      "name": "this",
      "provider": "provider[\"registry.terraform.io/hashicorp/aws\"]",
      "instances": []
    },
    {
      "module": "module.alb",
      "mode": "managed",
      "type": "aws_route53_record",
      "name": "this",
      "provider": "provider[\"registry.terraform.io/hashicorp/aws\"]",
      "instances": []
    },
    {
      "module": "module.alb",
      "mode": "managed",
      "type": "aws_security_group",
      "name": "this",
      "provider": "provider[\"registry.terraform.io/hashicorp/aws\"]",
      "instances": [
        {
          "index_key": 0,
          "schema_version": 1,
          "attributes": {
            "arn": "arn:aws:ec2:eu-north-1:597936860210:security-group/sg-076b09be76e6ac155",
            "description": "Security group for aca-voting-app-alb application load balancer",
            "egress": [
              {
                "cidr_blocks": [
                  "0.0.0.0/0"
                ],
                "description": "",
                "from_port": 0,
                "ipv6_cidr_blocks": [],
                "prefix_list_ids": [],
                "protocol": "-1",
                "security_groups": [],
                "self": false,
                "to_port": 0
              }
            ],
            "id": "sg-076b09be76e6ac155",
            "ingress": [
              {
                "cidr_blocks": [
                  "0.0.0.0/0"
                ],
                "description": "HTTP traffic for redirect to HTTPS",
                "from_port": 80,
                "ipv6_cidr_blocks": [],
                "prefix_list_ids": [],
                "protocol": "tcp",
                "security_groups": [],
                "self": false,
                "to_port": 80
              },
              {
                "cidr_blocks": [
                  "0.0.0.0/0"
                ],
                "description": "HTTPS secondary port for Result app",
                "from_port": 8443,
                "ipv6_cidr_blocks": [],
                "prefix_list_ids": [],
                "protocol": "tcp",
                "security_groups": [],
                "self": false,
                "to_port": 8443
              },
              {
                "cidr_blocks": [
                  "0.0.0.0/0"
                ],
                "description": "HTTPS secure web traffic for Vote and Result apps",
                "from_port": 80,
                "ipv6_cidr_blocks": [],
                "prefix_list_ids": [],
                "protocol": "tcp",
                "security_groups": [],
                "self": false,
                "to_port": 443
              }
            ],
            "name": "aca-voting-app-alb-20260919205358477800000005",
            "name_prefix": "aca-voting-app-alb-",
            "owner_id": "597936860210",
            "revoke_rules_on_delete": false,
            "tags": {
              "Name": "aca-voting-app-alb",
              "terraform-aws-modules": "alb"
            },
            "tags_all": {
              "Application": "aca-voting-app",
              "Environment": "production",
              "ManagedBy": "Terraform",
              "Name": "aca-voting-app-alb",
              "terraform-aws-modules": "alb"
            },
            "timeouts": null,
            "vpc_id": "vpc-0b0fce02ab20d23a4"
          },
          "sensitive_attributes": [
            [
              {
                "type": "get_attr",
                "value": "vpc_id"
              }
            ]
          ],
          "identity_schema_version": 0,
          "private": "eyJlMmJmYjczMC1lY2FhLTExZTYtOGY4OC0zNDM2M2JjN2M0YzAiOnsiY3JlYXRlIjo2MDAwMDAwMDAwMDAsImRlbGV0ZSI6OTAwMDAwMDAwMDAwfSwic2NoZW1hX3ZlcnNpb24iOiIxIn0=",
          "dependencies": [
            "data.aws_ssm_parameter.vpc_id"
          ],
          "create_before_destroy": true
        }
      ]
    },
    {
      "module": "module.alb",
      "mode": "managed",
      "type": "aws_vpc_security_group_egress_rule",
      "name": "this",
      "provider": "provider[\"registry.terraform.io/hashicorp/aws\"]",
      "instances": [
        {
          "index_key": "all",
          "schema_version": 0,
          "attributes": {
            "arn": "arn:aws:ec2:eu-north-1:597936860210:security-group-rule/sgr-079f23af0e36ba1a7",
            "cidr_ipv4": "0.0.0.0/0",
            "cidr_ipv6": null,
            "description": null,
            "from_port": null,
            "id": "sgr-079f23af0e36ba1a7",
            "ip_protocol": "-1",
            "prefix_list_id": null,
            "referenced_security_group_id": null,
            "security_group_id": "sg-076b09be76e6ac155",
            "security_group_rule_id": "sgr-079f23af0e36ba1a7",
            "tags": {
              "Name": "aca-voting-app-alb",
              "terraform-aws-modules": "alb"
            },
            "tags_all": {
              "Application": "aca-voting-app",
              "Environment": "production",
              "ManagedBy": "Terraform",
              "Name": "aca-voting-app-alb",
              "terraform-aws-modules": "alb"
            },
            "to_port": null
          },
          "sensitive_attributes": [],
          "identity_schema_version": 0,
          "dependencies": [
            "data.aws_ssm_parameter.vpc_id",
            "module.alb.aws_security_group.this"
          ]
        }
      ]
    },
    {
      "module": "module.alb",
      "mode": "managed",
      "type": "aws_vpc_security_group_ingress_rule",
      "name": "this",
      "provider": "provider[\"registry.terraform.io/hashicorp/aws\"]",
      "instances": [
        {
          "index_key": "http_80",
          "schema_version": 0,
          "attributes": {
            "arn": "arn:aws:ec2:eu-north-1:597936860210:security-group-rule/sgr-0ec18ada1813bc428",
            "cidr_ipv4": "0.0.0.0/0",
            "cidr_ipv6": null,
            "description": "HTTP traffic for redirect to HTTPS",
            "from_port": 80,
            "id": "sgr-0ec18ada1813bc428",
            "ip_protocol": "tcp",
            "prefix_list_id": null,
            "referenced_security_group_id": null,
            "security_group_id": "sg-076b09be76e6ac155",
            "security_group_rule_id": "sgr-0ec18ada1813bc428",
            "tags": {
              "Name": "aca-voting-app-alb",
              "terraform-aws-modules": "alb"
            },
            "tags_all": {
              "Application": "aca-voting-app",
              "Environment": "production",
              "ManagedBy": "Terraform",
              "Name": "aca-voting-app-alb",
              "terraform-aws-modules": "alb"
            },
            "to_port": 80
          },
          "sensitive_attributes": [],
          "identity_schema_version": 0,
          "dependencies": [
            "data.aws_ssm_parameter.vpc_id",
            "module.alb.aws_security_group.this"
          ]
        },
        {
          "index_key": "https_443",
          "schema_version": 0,
          "attributes": {
            "arn": "arn:aws:ec2:eu-north-1:597936860210:security-group-rule/sgr-0bdf43c28c4a2d003",
            "cidr_ipv4": "0.0.0.0/0",
            "cidr_ipv6": null,
            "description": "HTTPS secure web traffic for Vote and Result apps",
            "from_port": 80,
            "id": "sgr-0bdf43c28c4a2d003",
            "ip_protocol": "tcp",
            "prefix_list_id": null,
            "referenced_security_group_id": null,
            "security_group_id": "sg-076b09be76e6ac155",
            "security_group_rule_id": "sgr-0bdf43c28c4a2d003",
            "tags": {
              "Name": "aca-voting-app-alb",
              "terraform-aws-modules": "alb"
            },
            "tags_all": {
              "Application": "aca-voting-app",
              "Environment": "production",
              "ManagedBy": "Terraform",
              "Name": "aca-voting-app-alb",
              "terraform-aws-modules": "alb"
            },
            "to_port": 443
          },
          "sensitive_attributes": [],
          "identity_schema_version": 0,
          "dependencies": [
            "data.aws_ssm_parameter.vpc_id",
            "module.alb.aws_security_group.this"
          ]
        },
        {
          "index_key": "https_8443",
          "schema_version": 0,
          "attributes": {
            "arn": "arn:aws:ec2:eu-north-1:597936860210:security-group-rule/sgr-0116fe45353b9b782",
            "cidr_ipv4": "0.0.0.0/0",
            "cidr_ipv6": null,
            "description": "HTTPS secondary port for Result app",
            "from_port": 8443,
            "id": "sgr-0116fe45353b9b782",
            "ip_protocol": "tcp",
            "prefix_list_id": null,
            "referenced_security_group_id": null,
            "security_group_id": "sg-076b09be76e6ac155",
            "security_group_rule_id": "sgr-0116fe45353b9b782",
            "tags": {
              "Name": "aca-voting-app-alb",
              "terraform-aws-modules": "alb"
            },
            "tags_all": {
              "Application": "aca-voting-app",
              "Environment": "production",
              "ManagedBy": "Terraform",
              "Name": "aca-voting-app-alb",
              "terraform-aws-modules": "alb"
            },
            "to_port": 8443
          },
          "sensitive_attributes": [],
          "identity_schema_version": 0,
          "dependencies": [
            "data.aws_ssm_parameter.vpc_id",
            "module.alb.aws_security_group.this"
          ]
        }
      ]
    },
    {
      "module": "module.alb",
      "mode": "managed",
      "type": "aws_wafv2_web_acl_association",
      "name": "this",
      "provider": "provider[\"registry.terraform.io/hashicorp/aws\"]",
      "instances": []
    },
    {
      "module": "module.aurora",
      "mode": "data",
      "type": "aws_iam_policy_document",
      "name": "monitoring_rds_assume_role",
      "provider": "provider[\"registry.terraform.io/hashicorp/aws\"]",
      "instances": []
    },
    {
      "module": "module.aurora",
      "mode": "data",
      "type": "aws_partition",
      "name": "current",
      "provider": "provider[\"registry.terraform.io/hashicorp/aws\"]",
      "instances": [
        {
          "schema_version": 0,
          "attributes": {
            "dns_suffix": "amazonaws.com",
            "id": "aws",
            "partition": "aws",
            "reverse_dns_prefix": "com.amazonaws"
          },
          "sensitive_attributes": [],
          "identity_schema_version": 0
        }
      ]
    },
    {
      "module": "module.aurora",
      "mode": "managed",
      "type": "aws_appautoscaling_policy",
      "name": "this",
      "provider": "provider[\"registry.terraform.io/hashicorp/aws\"]",
      "instances": []
    },
    {
      "module": "module.aurora",
      "mode": "managed",
      "type": "aws_appautoscaling_target",
      "name": "this",
      "provider": "provider[\"registry.terraform.io/hashicorp/aws\"]",
      "instances": []
    },
    {
      "module": "module.aurora",
      "mode": "managed",
      "type": "aws_cloudwatch_log_group",
      "name": "this",
      "provider": "provider[\"registry.terraform.io/hashicorp/aws\"]",
      "instances": []
    },
    {
      "module": "module.aurora",
      "mode": "managed",
      "type": "aws_db_parameter_group",
      "name": "this",
      "provider": "provider[\"registry.terraform.io/hashicorp/aws\"]",
      "instances": []
    },
    {
      "module": "module.aurora",
      "mode": "managed",
      "type": "aws_db_subnet_group",
      "name": "this",
      "provider": "provider[\"registry.terraform.io/hashicorp/aws\"]",
      "instances": [
        {
          "index_key": 0,
          "schema_version": 0,
          "attributes": {
            "arn": "arn:aws:rds:eu-north-1:597936860210:subgrp:aca-voting-app-aurora",
            "description": "For Aurora cluster aca-voting-app-aurora",
            "id": "aca-voting-app-aurora",
            "name": "aca-voting-app-aurora",
            "name_prefix": "",
            "subnet_ids": [
              "subnet-098835d1205ea3fd4",
              "subnet-0caa8bd66179f08a2"
            ],
            "supported_network_types": [
              "IPV4"
            ],
            "tags": {
              "Name": "aca-voting-app-aurora"
            },
            "tags_all": {
              "Application": "aca-voting-app",
              "Environment": "production",
              "ManagedBy": "Terraform",
              "Name": "aca-voting-app-aurora"
            },
            "vpc_id": "vpc-0b0fce02ab20d23a4"
          },
          "sensitive_attributes": [
            [
              {
                "type": "get_attr",
                "value": "subnet_ids"
              }
            ]
          ],
          "identity_schema_version": 0,
          "private": "bnVsbA==",
          "dependencies": [
            "data.aws_ssm_parameter.private_subnet_ids"
          ],
          "create_before_destroy": true
        }
      ]
    },
    {
      "module": "module.aurora",
      "mode": "managed",
      "type": "aws_iam_role",
      "name": "rds_enhanced_monitoring",
      "provider": "provider[\"registry.terraform.io/hashicorp/aws\"]",
      "instances": []
    },
    {
      "module": "module.aurora",
      "mode": "managed",
      "type": "aws_iam_role_policy_attachment",
      "name": "rds_enhanced_monitoring",
      "provider": "provider[\"registry.terraform.io/hashicorp/aws\"]",
      "instances": []
    },
    {
      "module": "module.aurora",
      "mode": "managed",
      "type": "aws_rds_cluster",
      "name": "this",
      "provider": "provider[\"registry.terraform.io/hashicorp/aws\"]",
      "instances": [
        {
          "index_key": 0,
          "schema_version": 1,
          "attributes": {
            "allocated_storage": 1,
            "allow_major_version_upgrade": false,
            "apply_immediately": null,
            "arn": "arn:aws:rds:eu-north-1:597936860210:cluster:aca-voting-app-aurora",
            "availability_zones": [
              "eu-north-1a",
              "eu-north-1b",
              "eu-north-1c"
            ],
            "backtrack_window": 0,
            "backup_retention_period": 1,
            "ca_certificate_identifier": null,
            "ca_certificate_valid_till": null,
            "cluster_identifier": "aca-voting-app-aurora",
            "cluster_identifier_prefix": "",
            "cluster_members": [
              "aca-voting-app-aurora-1"
            ],
            "cluster_resource_id": "cluster-ZNXMDDWBXRUQTQTXF44MCMXZBI",
            "cluster_scalability_type": "",
            "copy_tags_to_snapshot": false,
            "database_insights_mode": "standard",
            "database_name": "postgres",
            "db_cluster_instance_class": "",
            "db_cluster_parameter_group_name": "default.aurora-postgresql15",
            "db_instance_parameter_group_name": null,
            "db_subnet_group_name": "aca-voting-app-aurora",
            "db_system_id": "",
            "delete_automated_backups": true,
            "deletion_protection": false,
            "domain": "",
            "domain_iam_role_name": "",
            "enable_global_write_forwarding": false,
            "enable_http_endpoint": false,
            "enable_local_write_forwarding": false,
            "enabled_cloudwatch_logs_exports": [],
            "endpoint": "aca-voting-app-aurora.cluster-c5is6oakwkpa.eu-north-1.rds.amazonaws.com",
            "engine": "aurora-postgresql",
            "engine_lifecycle_support": "open-source-rds-extended-support",
            "engine_mode": "provisioned",
            "engine_version": "15.14",
            "engine_version_actual": "15.14",
            "final_snapshot_identifier": null,
            "global_cluster_identifier": "",
            "hosted_zone_id": "Z3MPDEQW7KHUGY",
            "iam_database_authentication_enabled": false,
            "iam_roles": [],
            "id": "aca-voting-app-aurora",
            "iops": 0,
            "kms_key_id": "arn:aws:kms:eu-north-1:597936860210:key/cef696e0-5cdb-4f31-b6b5-a9f183dcc048",
            "manage_master_user_password": null,
            "master_password": "Iwli79t4sbtD4cl8",
            "master_password_wo": null,
            "master_password_wo_version": null,
            "master_user_secret": [],
            "master_user_secret_kms_key_id": null,
            "master_username": "postgres",
            "monitoring_interval": 0,
            "monitoring_role_arn": "",
            "network_type": "IPV4",
            "performance_insights_enabled": false,
            "performance_insights_kms_key_id": "",
            "performance_insights_retention_period": 0,
            "port": 5432,
            "preferred_backup_window": "02:00-03:00",
            "preferred_maintenance_window": "sun:05:00-sun:06:00",
            "reader_endpoint": "aca-voting-app-aurora.cluster-ro-c5is6oakwkpa.eu-north-1.rds.amazonaws.com",
            "replication_source_identifier": "",
            "restore_to_point_in_time": [],
            "s3_import": [],
            "scaling_configuration": [],
            "serverlessv2_scaling_configuration": [
              {
                "max_capacity": 1,
                "min_capacity": 0.5,
                "seconds_until_auto_pause": 0
              }
            ],
            "skip_final_snapshot": true,
            "snapshot_identifier": null,
            "source_region": null,
            "storage_encrypted": true,
            "storage_type": "",
            "tags": {
              "Name": "aca-voting-app-aurora"
            },
            "tags_all": {
              "Application": "aca-voting-app",
              "Environment": "production",
              "ManagedBy": "Terraform",
              "Name": "aca-voting-app-aurora"
            },
            "timeouts": {
              "create": null,
              "delete": null,
              "update": null
            },
            "vpc_security_group_ids": [
              "sg-0a25291ebe1147318"
            ]
          },
          "sensitive_attributes": [
            [
              {
                "type": "get_attr",
                "value": "master_password"
              }
            ],
            [
              {
                "type": "get_attr",
                "value": "master_password_wo"
              }
            ]
          ],
          "identity_schema_version": 0,
          "private": "eyJlMmJmYjczMC1lY2FhLTExZTYtOGY4OC0zNDM2M2JjN2M0YzAiOnsiY3JlYXRlIjo3MjAwMDAwMDAwMDAwLCJkZWxldGUiOjcyMDAwMDAwMDAwMDAsInVwZGF0ZSI6NzIwMDAwMDAwMDAwMH0sInNjaGVtYV92ZXJzaW9uIjoiMSJ9",
          "dependencies": [
            "data.aws_ssm_parameter.private_subnet_ids",
            "data.aws_ssm_parameter.vpc_id",
            "module.aurora.aws_cloudwatch_log_group.this",
            "module.aurora.aws_db_subnet_group.this",
            "module.aurora.aws_iam_role.rds_enhanced_monitoring",
            "module.aurora.aws_rds_cluster_parameter_group.this",
            "module.aurora.aws_security_group.this",
            "module.aurora.data.aws_iam_policy_document.monitoring_rds_assume_role",
            "random_password.postgres_password"
          ],
          "create_before_destroy": true
        }
      ]
    },
    {
      "module": "module.aurora",
      "mode": "managed",
      "type": "aws_rds_cluster_activity_stream",
      "name": "this",
      "provider": "provider[\"registry.terraform.io/hashicorp/aws\"]",
      "instances": []
    },
    {
      "module": "module.aurora",
      "mode": "managed",
      "type": "aws_rds_cluster_endpoint",
      "name": "this",
      "provider": "provider[\"registry.terraform.io/hashicorp/aws\"]",
      "instances": []
    },
    {
      "module": "module.aurora",
      "mode": "managed",
      "type": "aws_rds_cluster_instance",
      "name": "this",
      "provider": "provider[\"registry.terraform.io/hashicorp/aws\"]",
      "instances": [
        {
          "index_key": "1",
          "schema_version": 0,
          "attributes": {
            "apply_immediately": null,
            "arn": "arn:aws:rds:eu-north-1:597936860210:db:aca-voting-app-aurora-1",
            "auto_minor_version_upgrade": true,
            "availability_zone": "eu-north-1a",
            "ca_cert_identifier": "rds-ca-rsa2048-g1",
            "cluster_identifier": "aca-voting-app-aurora",
            "copy_tags_to_snapshot": false,
            "custom_iam_instance_profile": "",
            "db_parameter_group_name": "default.aurora-postgresql15",
            "db_subnet_group_name": "aca-voting-app-aurora",
            "dbi_resource_id": "db-M6CSH3KPZJF3NNAKVDUJH5H5LY",
            "endpoint": "aca-voting-app-aurora-1.c5is6oakwkpa.eu-north-1.rds.amazonaws.com",
            "engine": "aurora-postgresql",
            "engine_version": "15.14",
            "engine_version_actual": "15.14",
            "force_destroy": false,
            "id": "aca-voting-app-aurora-1",
            "identifier": "aca-voting-app-aurora-1",
            "identifier_prefix": "",
            "instance_class": "db.serverless",
            "kms_key_id": "arn:aws:kms:eu-north-1:597936860210:key/cef696e0-5cdb-4f31-b6b5-a9f183dcc048",
            "monitoring_interval": 0,
            "monitoring_role_arn": "",
            "network_type": "IPV4",
            "performance_insights_enabled": false,
            "performance_insights_kms_key_id": "",
            "performance_insights_retention_period": 0,
            "port": 5432,
            "preferred_backup_window": "02:00-03:00",
            "preferred_maintenance_window": "sun:05:00-sun:06:00",
            "promotion_tier": 0,
            "publicly_accessible": false,
            "storage_encrypted": true,
            "tags": {
              "Name": "aca-voting-app-aurora"
            },
            "tags_all": {
              "Application": "aca-voting-app",
              "Environment": "production",
              "ManagedBy": "Terraform",
              "Name": "aca-voting-app-aurora"
            },
            "timeouts": {
              "create": null,
              "delete": null,
              "update": null
            },
            "writer": true
          },
          "sensitive_attributes": [],
          "identity_schema_version": 0,
          "private": "eyJlMmJmYjczMC1lY2FhLTExZTYtOGY4OC0zNDM2M2JjN2M0YzAiOnsiY3JlYXRlIjo1NDAwMDAwMDAwMDAwLCJkZWxldGUiOjU0MDAwMDAwMDAwMDAsInVwZGF0ZSI6NTQwMDAwMDAwMDAwMH19",
          "dependencies": [
            "data.aws_ssm_parameter.private_subnet_ids",
            "data.aws_ssm_parameter.vpc_id",
            "module.aurora.aws_cloudwatch_log_group.this",
            "module.aurora.aws_db_parameter_group.this",
            "module.aurora.aws_db_subnet_group.this",
            "module.aurora.aws_iam_role.rds_enhanced_monitoring",
            "module.aurora.aws_rds_cluster.this",
            "module.aurora.aws_rds_cluster_parameter_group.this",
            "module.aurora.aws_security_group.this",
            "module.aurora.data.aws_iam_policy_document.monitoring_rds_assume_role",
            "random_password.postgres_password"
          ],
          "create_before_destroy": true
        }
      ]
    },
    {
      "module": "module.aurora",
      "mode": "managed",
      "type": "aws_rds_cluster_parameter_group",
      "name": "this",
      "provider": "provider[\"registry.terraform.io/hashicorp/aws\"]",
      "instances": []
    },
    {
      "module": "module.aurora",
      "mode": "managed",
      "type": "aws_rds_cluster_role_association",
      "name": "this",
      "provider": "provider[\"registry.terraform.io/hashicorp/aws\"]",
      "instances": []
    },
    {
      "module": "module.aurora",
      "mode": "managed",
      "type": "aws_rds_shard_group",
      "name": "this",
      "provider": "provider[\"registry.terraform.io/hashicorp/aws\"]",
      "instances": []
    },
    {
      "module": "module.aurora",
      "mode": "managed",
      "type": "aws_secretsmanager_secret_rotation",
      "name": "this",
      "provider": "provider[\"registry.terraform.io/hashicorp/aws\"]",
      "instances": []
    },
    {
      "module": "module.aurora",
      "mode": "managed",
      "type": "aws_security_group",
      "name": "this",
      "provider": "provider[\"registry.terraform.io/hashicorp/aws\"]",
      "instances": [
        {
          "index_key": 0,
          "schema_version": 1,
          "attributes": {
            "arn": "arn:aws:ec2:eu-north-1:597936860210:security-group/sg-0a25291ebe1147318",
            "description": "Control traffic to/from RDS Aurora aca-voting-app-aurora",
            "egress": [],
            "id": "sg-0a25291ebe1147318",
            "ingress": [
              {
                "cidr_blocks": [],
                "description": "Allow PostgreSQL traffic from Result task",
                "from_port": 5432,
                "ipv6_cidr_blocks": [],
                "prefix_list_ids": [],
                "protocol": "tcp",
                "security_groups": [
                  "sg-098f0586d57367f0a"
                ],
                "self": false,
                "to_port": 5432
              },
              {
                "cidr_blocks": [],
                "description": "Allow PostgreSQL traffic from Worker task",
                "from_port": 5432,
                "ipv6_cidr_blocks": [],
                "prefix_list_ids": [],
                "protocol": "tcp",
                "security_groups": [
                  "sg-0d2fde29138deb496"
                ],
                "self": false,
                "to_port": 5432
              }
            ],
            "name": "aca-voting-app-aurora-20260919205358251600000003",
            "name_prefix": "aca-voting-app-aurora-",
            "owner_id": "597936860210",
            "revoke_rules_on_delete": false,
            "tags": {
              "Name": "aca-voting-app-aurora"
            },
            "tags_all": {
              "Application": "aca-voting-app",
              "Environment": "production",
              "ManagedBy": "Terraform",
              "Name": "aca-voting-app-aurora"
            },
            "timeouts": null,
            "vpc_id": "vpc-0b0fce02ab20d23a4"
          },
          "sensitive_attributes": [
            [
              {
                "type": "get_attr",
                "value": "vpc_id"
              }
            ]
          ],
          "identity_schema_version": 0,
          "private": "eyJlMmJmYjczMC1lY2FhLTExZTYtOGY4OC0zNDM2M2JjN2M0YzAiOnsiY3JlYXRlIjo2MDAwMDAwMDAwMDAsImRlbGV0ZSI6OTAwMDAwMDAwMDAwfSwic2NoZW1hX3ZlcnNpb24iOiIxIn0=",
          "dependencies": [
            "data.aws_ssm_parameter.vpc_id"
          ],
          "create_before_destroy": true
        }
      ]
    },
    {
      "module": "module.aurora",
      "mode": "managed",
      "type": "aws_security_group_rule",
      "name": "this",
      "provider": "provider[\"registry.terraform.io/hashicorp/aws\"]",
      "instances": [
        {
          "index_key": "result_ingress",
          "schema_version": 2,
          "attributes": {
            "cidr_blocks": null,
            "description": "Allow PostgreSQL traffic from Result task",
            "from_port": 5432,
            "id": "sgrule-3815097738",
            "ipv6_cidr_blocks": null,
            "prefix_list_ids": null,
            "protocol": "tcp",
            "security_group_id": "sg-0a25291ebe1147318",
            "security_group_rule_id": "sgr-023bcc65b70fa317a",
            "self": false,
            "source_security_group_id": "sg-098f0586d57367f0a",
            "timeouts": null,
            "to_port": 5432,
            "type": "ingress"
          },
          "sensitive_attributes": [],
          "identity_schema_version": 0,
          "private": "eyJlMmJmYjczMC1lY2FhLTExZTYtOGY4OC0zNDM2M2JjN2M0YzAiOnsiY3JlYXRlIjozMDAwMDAwMDAwMDB9LCJzY2hlbWFfdmVyc2lvbiI6IjIifQ==",
          "dependencies": [
            "aws_security_group.result_task",
            "aws_security_group.worker_task",
            "data.aws_ssm_parameter.vpc_id",
            "module.alb.aws_security_group.this",
            "module.aurora.aws_security_group.this"
          ]
        },
        {
          "index_key": "worker_ingress",
          "schema_version": 2,
          "attributes": {
            "cidr_blocks": null,
            "description": "Allow PostgreSQL traffic from Worker task",
            "from_port": 5432,
            "id": "sgrule-1091764110",
            "ipv6_cidr_blocks": null,
            "prefix_list_ids": null,
            "protocol": "tcp",
            "security_group_id": "sg-0a25291ebe1147318",
            "security_group_rule_id": "sgr-0cdce97f8ce1c9607",
            "self": false,
            "source_security_group_id": "sg-0d2fde29138deb496",
            "timeouts": null,
            "to_port": 5432,
            "type": "ingress"
          },
          "sensitive_attributes": [],
          "identity_schema_version": 0,
          "private": "eyJlMmJmYjczMC1lY2FhLTExZTYtOGY4OC0zNDM2M2JjN2M0YzAiOnsiY3JlYXRlIjozMDAwMDAwMDAwMDB9LCJzY2hlbWFfdmVyc2lvbiI6IjIifQ==",
          "dependencies": [
            "aws_security_group.result_task",
            "aws_security_group.worker_task",
            "data.aws_ssm_parameter.vpc_id",
            "module.alb.aws_security_group.this",
            "module.aurora.aws_security_group.this"
          ]
        }
      ]
    },
    {
      "module": "module.ecr_result",
      "mode": "data",
      "type": "aws_caller_identity",
      "name": "current",
      "provider": "provider[\"registry.terraform.io/hashicorp/aws\"]",
      "instances": [
        {
          "schema_version": 0,
          "attributes": {
            "account_id": "597936860210",
            "arn": "arn:aws:iam::597936860210:root",
            "id": "597936860210",
            "user_id": "597936860210"
          },
          "sensitive_attributes": [],
          "identity_schema_version": 0
        }
      ]
    },
    {
      "module": "module.ecr_result",
      "mode": "data",
      "type": "aws_iam_policy_document",
      "name": "repository",
      "provider": "provider[\"registry.terraform.io/hashicorp/aws\"]",
      "instances": [
        {
          "index_key": 0,
          "schema_version": 0,
          "attributes": {
            "id": "4286884915",
            "json": "{\n  \"Version\": \"2012-10-17\",\n  \"Statement\": [\n    {\n      \"Sid\": \"PrivateReadOnly\",\n      \"Effect\": \"Allow\",\n      \"Action\": [\n        \"ecr:ListTagsForResource\",\n        \"ecr:ListImages\",\n        \"ecr:GetRepositoryPolicy\",\n        \"ecr:GetLifecyclePolicyPreview\",\n        \"ecr:GetLifecyclePolicy\",\n        \"ecr:GetDownloadUrlForLayer\",\n        \"ecr:GetAuthorizationToken\",\n        \"ecr:DescribeRepositories\",\n        \"ecr:DescribeImages\",\n        \"ecr:DescribeImageScanFindings\",\n        \"ecr:BatchGetImage\",\n        \"ecr:BatchCheckLayerAvailability\"\n      ],\n      \"Principal\": {\n        \"AWS\": \"arn:aws:iam::597936860210:root\"\n      }\n    }\n  ]\n}",
            "minified_json": "{\"Version\":\"2012-10-17\",\"Statement\":[{\"Sid\":\"PrivateReadOnly\",\"Effect\":\"Allow\",\"Action\":[\"ecr:ListTagsForResource\",\"ecr:ListImages\",\"ecr:GetRepositoryPolicy\",\"ecr:GetLifecyclePolicyPreview\",\"ecr:GetLifecyclePolicy\",\"ecr:GetDownloadUrlForLayer\",\"ecr:GetAuthorizationToken\",\"ecr:DescribeRepositories\",\"ecr:DescribeImages\",\"ecr:DescribeImageScanFindings\",\"ecr:BatchGetImage\",\"ecr:BatchCheckLayerAvailability\"],\"Principal\":{\"AWS\":\"arn:aws:iam::597936860210:root\"}}]}",
            "override_json": null,
            "override_policy_documents": null,
            "policy_id": null,
            "source_json": null,
            "source_policy_documents": null,
            "statement": [
              {
                "actions": [
                  "ecr:BatchCheckLayerAvailability",
                  "ecr:BatchGetImage",
                  "ecr:DescribeImageScanFindings",
                  "ecr:DescribeImages",
                  "ecr:DescribeRepositories",
                  "ecr:GetAuthorizationToken",
                  "ecr:GetDownloadUrlForLayer",
                  "ecr:GetLifecyclePolicy",
                  "ecr:GetLifecyclePolicyPreview",
                  "ecr:GetRepositoryPolicy",
                  "ecr:ListImages",
                  "ecr:ListTagsForResource"
                ],
                "condition": [],
                "effect": "Allow",
                "not_actions": [],
                "not_principals": [],
                "not_resources": [],
                "principals": [
                  {
                    "identifiers": [
                      "arn:aws:iam::597936860210:root"
                    ],
                    "type": "AWS"
                  }
                ],
                "resources": [],
                "sid": "PrivateReadOnly"
              }
            ],
            "version": "2012-10-17"
          },
          "sensitive_attributes": [],
          "identity_schema_version": 0
        }
      ]
    },
    {
      "module": "module.ecr_result",
      "mode": "data",
      "type": "aws_partition",
      "name": "current",
      "provider": "provider[\"registry.terraform.io/hashicorp/aws\"]",
      "instances": [
        {
          "schema_version": 0,
          "attributes": {
            "dns_suffix": "amazonaws.com",
            "id": "aws",
            "partition": "aws",
            "reverse_dns_prefix": "com.amazonaws"
          },
          "sensitive_attributes": [],
          "identity_schema_version": 0
        }
      ]
    },
    {
      "module": "module.ecr_result",
      "mode": "managed",
      "type": "aws_ecr_lifecycle_policy",
      "name": "this",
      "provider": "provider[\"registry.terraform.io/hashicorp/aws\"]",
      "instances": [
        {
          "index_key": 0,
          "schema_version": 0,
          "attributes": {
            "id": "aca-voting-app-result",
            "policy": "{\"rules\":[{\"action\":{\"type\":\"expire\"},\"description\":\"Keep last 5 images for cost optimization\",\"rulePriority\":1,\"selection\":{\"countNumber\":5,\"countType\":\"imageCountMoreThan\",\"tagStatus\":\"any\"}}]}",
            "registry_id": "597936860210",
            "repository": "aca-voting-app-result"
          },
          "sensitive_attributes": [],
          "identity_schema_version": 0,
          "private": "bnVsbA==",
          "dependencies": [
            "module.ecr_result.aws_ecr_repository.this"
          ]
        }
      ]
    },
    {
      "module": "module.ecr_result",
      "mode": "managed",
      "type": "aws_ecr_pull_through_cache_rule",
      "name": "this",
      "provider": "provider[\"registry.terraform.io/hashicorp/aws\"]",
      "instances": []
    },
    {
      "module": "module.ecr_result",
      "mode": "managed",
      "type": "aws_ecr_registry_policy",
      "name": "this",
      "provider": "provider[\"registry.terraform.io/hashicorp/aws\"]",
      "instances": []
    },
    {
      "module": "module.ecr_result",
      "mode": "managed",
      "type": "aws_ecr_registry_scanning_configuration",
      "name": "this",
      "provider": "provider[\"registry.terraform.io/hashicorp/aws\"]",
      "instances": []
    },
    {
      "module": "module.ecr_result",
      "mode": "managed",
      "type": "aws_ecr_replication_configuration",
      "name": "this",
      "provider": "provider[\"registry.terraform.io/hashicorp/aws\"]",
      "instances": []
    },
    {
      "module": "module.ecr_result",
      "mode": "managed",
      "type": "aws_ecr_repository",
      "name": "this",
      "provider": "provider[\"registry.terraform.io/hashicorp/aws\"]",
      "instances": [
        {
          "index_key": 0,
          "schema_version": 0,
          "attributes": {
            "arn": "arn:aws:ecr:eu-north-1:597936860210:repository/aca-voting-app-result",
            "encryption_configuration": [
              {
                "encryption_type": "AES256",
                "kms_key": ""
              }
            ],
            "force_delete": true,
            "id": "aca-voting-app-result",
            "image_scanning_configuration": [
              {
                "scan_on_push": true
              }
            ],
            "image_tag_mutability": "MUTABLE",
            "name": "aca-voting-app-result",
            "registry_id": "597936860210",
            "repository_url": "597936860210.dkr.ecr.eu-north-1.amazonaws.com/aca-voting-app-result",
            "tags": {
              "Name": "aca-voting-app-result"
            },
            "tags_all": {
              "Application": "aca-voting-app",
              "Environment": "production",
              "ManagedBy": "Terraform",
              "Name": "aca-voting-app-result"
            },
            "timeouts": null
          },
          "sensitive_attributes": [],
          "identity_schema_version": 0,
          "private": "eyJlMmJmYjczMC1lY2FhLTExZTYtOGY4OC0zNDM2M2JjN2M0YzAiOnsiZGVsZXRlIjoxMjAwMDAwMDAwMDAwfX0="
        }
      ]
    },
    {
      "module": "module.ecr_result",
      "mode": "managed",
      "type": "aws_ecr_repository_policy",
      "name": "this",
      "provider": "provider[\"registry.terraform.io/hashicorp/aws\"]",
      "instances": [
        {
          "index_key": 0,
          "schema_version": 0,
          "attributes": {
            "id": "aca-voting-app-result",
            "policy": "{\"Statement\":[{\"Action\":[\"ecr:ListTagsForResource\",\"ecr:ListImages\",\"ecr:GetRepositoryPolicy\",\"ecr:GetLifecyclePolicyPreview\",\"ecr:GetLifecyclePolicy\",\"ecr:GetDownloadUrlForLayer\",\"ecr:GetAuthorizationToken\",\"ecr:DescribeRepositories\",\"ecr:DescribeImages\",\"ecr:DescribeImageScanFindings\",\"ecr:BatchGetImage\",\"ecr:BatchCheckLayerAvailability\"],\"Effect\":\"Allow\",\"Principal\":{\"AWS\":\"arn:aws:iam::597936860210:root\"},\"Sid\":\"PrivateReadOnly\"}],\"Version\":\"2012-10-17\"}",
            "registry_id": "597936860210",
            "repository": "aca-voting-app-result"
          },
          "sensitive_attributes": [],
          "identity_schema_version": 0,
          "private": "bnVsbA==",
          "dependencies": [
            "module.ecr_result.aws_ecr_repository.this",
            "module.ecr_result.data.aws_caller_identity.current",
            "module.ecr_result.data.aws_iam_policy_document.repository",
            "module.ecr_result.data.aws_partition.current"
          ]
        }
      ]
    },
    {
      "module": "module.ecr_result",
      "mode": "managed",
      "type": "aws_ecrpublic_repository",
      "name": "this",
      "provider": "provider[\"registry.terraform.io/hashicorp/aws\"]",
      "instances": []
    },
    {
      "module": "module.ecr_result",
      "mode": "managed",
      "type": "aws_ecrpublic_repository_policy",
      "name": "example",
      "provider": "provider[\"registry.terraform.io/hashicorp/aws\"]",
      "instances": []
    },
    {
      "module": "module.ecr_vote",
      "mode": "data",
      "type": "aws_caller_identity",
      "name": "current",
      "provider": "provider[\"registry.terraform.io/hashicorp/aws\"]",
      "instances": [
        {
          "schema_version": 0,
          "attributes": {
            "account_id": "597936860210",
            "arn": "arn:aws:iam::597936860210:root",
            "id": "597936860210",
            "user_id": "597936860210"
          },
          "sensitive_attributes": [],
          "identity_schema_version": 0
        }
      ]
    },
    {
      "module": "module.ecr_vote",
      "mode": "data",
      "type": "aws_iam_policy_document",
      "name": "repository",
      "provider": "provider[\"registry.terraform.io/hashicorp/aws\"]",
      "instances": [
        {
          "index_key": 0,
          "schema_version": 0,
          "attributes": {
            "id": "4286884915",
            "json": "{\n  \"Version\": \"2012-10-17\",\n  \"Statement\": [\n    {\n      \"Sid\": \"PrivateReadOnly\",\n      \"Effect\": \"Allow\",\n      \"Action\": [\n        \"ecr:ListTagsForResource\",\n        \"ecr:ListImages\",\n        \"ecr:GetRepositoryPolicy\",\n        \"ecr:GetLifecyclePolicyPreview\",\n        \"ecr:GetLifecyclePolicy\",\n        \"ecr:GetDownloadUrlForLayer\",\n        \"ecr:GetAuthorizationToken\",\n        \"ecr:DescribeRepositories\",\n        \"ecr:DescribeImages\",\n        \"ecr:DescribeImageScanFindings\",\n        \"ecr:BatchGetImage\",\n        \"ecr:BatchCheckLayerAvailability\"\n      ],\n      \"Principal\": {\n        \"AWS\": \"arn:aws:iam::597936860210:root\"\n      }\n    }\n  ]\n}",
            "minified_json": "{\"Version\":\"2012-10-17\",\"Statement\":[{\"Sid\":\"PrivateReadOnly\",\"Effect\":\"Allow\",\"Action\":[\"ecr:ListTagsForResource\",\"ecr:ListImages\",\"ecr:GetRepositoryPolicy\",\"ecr:GetLifecyclePolicyPreview\",\"ecr:GetLifecyclePolicy\",\"ecr:GetDownloadUrlForLayer\",\"ecr:GetAuthorizationToken\",\"ecr:DescribeRepositories\",\"ecr:DescribeImages\",\"ecr:DescribeImageScanFindings\",\"ecr:BatchGetImage\",\"ecr:BatchCheckLayerAvailability\"],\"Principal\":{\"AWS\":\"arn:aws:iam::597936860210:root\"}}]}",
            "override_json": null,
            "override_policy_documents": null,
            "policy_id": null,
            "source_json": null,
            "source_policy_documents": null,
            "statement": [
              {
                "actions": [
                  "ecr:BatchCheckLayerAvailability",
                  "ecr:BatchGetImage",
                  "ecr:DescribeImageScanFindings",
                  "ecr:DescribeImages",
                  "ecr:DescribeRepositories",
                  "ecr:GetAuthorizationToken",
                  "ecr:GetDownloadUrlForLayer",
                  "ecr:GetLifecyclePolicy",
                  "ecr:GetLifecyclePolicyPreview",
                  "ecr:GetRepositoryPolicy",
                  "ecr:ListImages",
                  "ecr:ListTagsForResource"
                ],
                "condition": [],
                "effect": "Allow",
                "not_actions": [],
                "not_principals": [],
                "not_resources": [],
                "principals": [
                  {
                    "identifiers": [
                      "arn:aws:iam::597936860210:root"
                    ],
                    "type": "AWS"
                  }
                ],
                "resources": [],
                "sid": "PrivateReadOnly"
              }
            ],
            "version": "2012-10-17"
          },
          "sensitive_attributes": [],
          "identity_schema_version": 0
        }
      ]
    },
    {
      "module": "module.ecr_vote",
      "mode": "data",
      "type": "aws_partition",
      "name": "current",
      "provider": "provider[\"registry.terraform.io/hashicorp/aws\"]",
      "instances": [
        {
          "schema_version": 0,
          "attributes": {
            "dns_suffix": "amazonaws.com",
            "id": "aws",
            "partition": "aws",
            "reverse_dns_prefix": "com.amazonaws"
          },
          "sensitive_attributes": [],
          "identity_schema_version": 0
        }
      ]
    },
    {
      "module": "module.ecr_vote",
      "mode": "managed",
      "type": "aws_ecr_lifecycle_policy",
      "name": "this",
      "provider": "provider[\"registry.terraform.io/hashicorp/aws\"]",
      "instances": [
        {
          "index_key": 0,
          "schema_version": 0,
          "attributes": {
            "id": "aca-voting-app-vote",
            "policy": "{\"rules\":[{\"action\":{\"type\":\"expire\"},\"description\":\"Keep last 5 images for cost optimization\",\"rulePriority\":1,\"selection\":{\"countNumber\":5,\"countType\":\"imageCountMoreThan\",\"tagStatus\":\"any\"}}]}",
            "registry_id": "597936860210",
            "repository": "aca-voting-app-vote"
          },
          "sensitive_attributes": [],
          "identity_schema_version": 0,
          "private": "bnVsbA==",
          "dependencies": [
            "module.ecr_vote.aws_ecr_repository.this"
          ]
        }
      ]
    },
    {
      "module": "module.ecr_vote",
      "mode": "managed",
      "type": "aws_ecr_pull_through_cache_rule",
      "name": "this",
      "provider": "provider[\"registry.terraform.io/hashicorp/aws\"]",
      "instances": []
    },
    {
      "module": "module.ecr_vote",
      "mode": "managed",
      "type": "aws_ecr_registry_policy",
      "name": "this",
      "provider": "provider[\"registry.terraform.io/hashicorp/aws\"]",
      "instances": []
    },
    {
      "module": "module.ecr_vote",
      "mode": "managed",
      "type": "aws_ecr_registry_scanning_configuration",
      "name": "this",
      "provider": "provider[\"registry.terraform.io/hashicorp/aws\"]",
      "instances": []
    },
    {
      "module": "module.ecr_vote",
      "mode": "managed",
      "type": "aws_ecr_replication_configuration",
      "name": "this",
      "provider": "provider[\"registry.terraform.io/hashicorp/aws\"]",
      "instances": []
    },
    {
      "module": "module.ecr_vote",
      "mode": "managed",
      "type": "aws_ecr_repository",
      "name": "this",
      "provider": "provider[\"registry.terraform.io/hashicorp/aws\"]",
      "instances": [
        {
          "index_key": 0,
          "schema_version": 0,
          "attributes": {
            "arn": "arn:aws:ecr:eu-north-1:597936860210:repository/aca-voting-app-vote",
            "encryption_configuration": [
              {
                "encryption_type": "AES256",
                "kms_key": ""
              }
            ],
            "force_delete": true,
            "id": "aca-voting-app-vote",
            "image_scanning_configuration": [
              {
                "scan_on_push": true
              }
            ],
            "image_tag_mutability": "MUTABLE",
            "name": "aca-voting-app-vote",
            "registry_id": "597936860210",
            "repository_url": "597936860210.dkr.ecr.eu-north-1.amazonaws.com/aca-voting-app-vote",
            "tags": {
              "Name": "aca-voting-app-vote"
            },
            "tags_all": {
              "Application": "aca-voting-app",
              "Environment": "production",
              "ManagedBy": "Terraform",
              "Name": "aca-voting-app-vote"
            },
            "timeouts": null
          },
          "sensitive_attributes": [],
          "identity_schema_version": 0,
          "private": "eyJlMmJmYjczMC1lY2FhLTExZTYtOGY4OC0zNDM2M2JjN2M0YzAiOnsiZGVsZXRlIjoxMjAwMDAwMDAwMDAwfX0="
        }
      ]
    },
    {
      "module": "module.ecr_vote",
      "mode": "managed",
      "type": "aws_ecr_repository_policy",
      "name": "this",
      "provider": "provider[\"registry.terraform.io/hashicorp/aws\"]",
      "instances": [
        {
          "index_key": 0,
          "schema_version": 0,
          "attributes": {
            "id": "aca-voting-app-vote",
            "policy": "{\"Statement\":[{\"Action\":[\"ecr:ListTagsForResource\",\"ecr:ListImages\",\"ecr:GetRepositoryPolicy\",\"ecr:GetLifecyclePolicyPreview\",\"ecr:GetLifecyclePolicy\",\"ecr:GetDownloadUrlForLayer\",\"ecr:GetAuthorizationToken\",\"ecr:DescribeRepositories\",\"ecr:DescribeImages\",\"ecr:DescribeImageScanFindings\",\"ecr:BatchGetImage\",\"ecr:BatchCheckLayerAvailability\"],\"Effect\":\"Allow\",\"Principal\":{\"AWS\":\"arn:aws:iam::597936860210:root\"},\"Sid\":\"PrivateReadOnly\"}],\"Version\":\"2012-10-17\"}",
            "registry_id": "597936860210",
            "repository": "aca-voting-app-vote"
          },
          "sensitive_attributes": [],
          "identity_schema_version": 0,
          "private": "bnVsbA==",
          "dependencies": [
            "module.ecr_vote.aws_ecr_repository.this",
            "module.ecr_vote.data.aws_caller_identity.current",
            "module.ecr_vote.data.aws_iam_policy_document.repository",
            "module.ecr_vote.data.aws_partition.current"
          ]
        }
      ]
    },
    {
      "module": "module.ecr_vote",
      "mode": "managed",
      "type": "aws_ecrpublic_repository",
      "name": "this",
      "provider": "provider[\"registry.terraform.io/hashicorp/aws\"]",
      "instances": []
    },
    {
      "module": "module.ecr_vote",
      "mode": "managed",
      "type": "aws_ecrpublic_repository_policy",
      "name": "example",
      "provider": "provider[\"registry.terraform.io/hashicorp/aws\"]",
      "instances": []
    },
    {
      "module": "module.ecr_worker",
      "mode": "data",
      "type": "aws_caller_identity",
      "name": "current",
      "provider": "provider[\"registry.terraform.io/hashicorp/aws\"]",
      "instances": [
        {
          "schema_version": 0,
          "attributes": {
            "account_id": "597936860210",
            "arn": "arn:aws:iam::597936860210:root",
            "id": "597936860210",
            "user_id": "597936860210"
          },
          "sensitive_attributes": [],
          "identity_schema_version": 0
        }
      ]
    },
    {
      "module": "module.ecr_worker",
      "mode": "data",
      "type": "aws_iam_policy_document",
      "name": "repository",
      "provider": "provider[\"registry.terraform.io/hashicorp/aws\"]",
      "instances": [
        {
          "index_key": 0,
          "schema_version": 0,
          "attributes": {
            "id": "4286884915",
            "json": "{\n  \"Version\": \"2012-10-17\",\n  \"Statement\": [\n    {\n      \"Sid\": \"PrivateReadOnly\",\n      \"Effect\": \"Allow\",\n      \"Action\": [\n        \"ecr:ListTagsForResource\",\n        \"ecr:ListImages\",\n        \"ecr:GetRepositoryPolicy\",\n        \"ecr:GetLifecyclePolicyPreview\",\n        \"ecr:GetLifecyclePolicy\",\n        \"ecr:GetDownloadUrlForLayer\",\n        \"ecr:GetAuthorizationToken\",\n        \"ecr:DescribeRepositories\",\n        \"ecr:DescribeImages\",\n        \"ecr:DescribeImageScanFindings\",\n        \"ecr:BatchGetImage\",\n        \"ecr:BatchCheckLayerAvailability\"\n      ],\n      \"Principal\": {\n        \"AWS\": \"arn:aws:iam::597936860210:root\"\n      }\n    }\n  ]\n}",
            "minified_json": "{\"Version\":\"2012-10-17\",\"Statement\":[{\"Sid\":\"PrivateReadOnly\",\"Effect\":\"Allow\",\"Action\":[\"ecr:ListTagsForResource\",\"ecr:ListImages\",\"ecr:GetRepositoryPolicy\",\"ecr:GetLifecyclePolicyPreview\",\"ecr:GetLifecyclePolicy\",\"ecr:GetDownloadUrlForLayer\",\"ecr:GetAuthorizationToken\",\"ecr:DescribeRepositories\",\"ecr:DescribeImages\",\"ecr:DescribeImageScanFindings\",\"ecr:BatchGetImage\",\"ecr:BatchCheckLayerAvailability\"],\"Principal\":{\"AWS\":\"arn:aws:iam::597936860210:root\"}}]}",
            "override_json": null,
            "override_policy_documents": null,
            "policy_id": null,
            "source_json": null,
            "source_policy_documents": null,
            "statement": [
              {
                "actions": [
                  "ecr:BatchCheckLayerAvailability",
                  "ecr:BatchGetImage",
                  "ecr:DescribeImageScanFindings",
                  "ecr:DescribeImages",
                  "ecr:DescribeRepositories",
                  "ecr:GetAuthorizationToken",
                  "ecr:GetDownloadUrlForLayer",
                  "ecr:GetLifecyclePolicy",
                  "ecr:GetLifecyclePolicyPreview",
                  "ecr:GetRepositoryPolicy",
                  "ecr:ListImages",
                  "ecr:ListTagsForResource"
                ],
                "condition": [],
                "effect": "Allow",
                "not_actions": [],
                "not_principals": [],
                "not_resources": [],
                "principals": [
                  {
                    "identifiers": [
                      "arn:aws:iam::597936860210:root"
                    ],
                    "type": "AWS"
                  }
                ],
                "resources": [],
                "sid": "PrivateReadOnly"
              }
            ],
            "version": "2012-10-17"
          },
          "sensitive_attributes": [],
          "identity_schema_version": 0
        }
      ]
    },
    {
      "module": "module.ecr_worker",
      "mode": "data",
      "type": "aws_partition",
      "name": "current",
      "provider": "provider[\"registry.terraform.io/hashicorp/aws\"]",
      "instances": [
        {
          "schema_version": 0,
          "attributes": {
            "dns_suffix": "amazonaws.com",
            "id": "aws",
            "partition": "aws",
            "reverse_dns_prefix": "com.amazonaws"
          },
          "sensitive_attributes": [],
          "identity_schema_version": 0
        }
      ]
    },
    {
      "module": "module.ecr_worker",
      "mode": "managed",
      "type": "aws_ecr_lifecycle_policy",
      "name": "this",
      "provider": "provider[\"registry.terraform.io/hashicorp/aws\"]",
      "instances": [
        {
          "index_key": 0,
          "schema_version": 0,
          "attributes": {
            "id": "aca-voting-app-worker",
            "policy": "{\"rules\":[{\"action\":{\"type\":\"expire\"},\"description\":\"Keep last 5 images for cost optimization\",\"rulePriority\":1,\"selection\":{\"countNumber\":5,\"countType\":\"imageCountMoreThan\",\"tagStatus\":\"any\"}}]}",
            "registry_id": "597936860210",
            "repository": "aca-voting-app-worker"
          },
          "sensitive_attributes": [],
          "identity_schema_version": 0,
          "private": "bnVsbA==",
          "dependencies": [
            "module.ecr_worker.aws_ecr_repository.this"
          ]
        }
      ]
    },
    {
      "module": "module.ecr_worker",
      "mode": "managed",
      "type": "aws_ecr_pull_through_cache_rule",
      "name": "this",
      "provider": "provider[\"registry.terraform.io/hashicorp/aws\"]",
      "instances": []
    },
    {
      "module": "module.ecr_worker",
      "mode": "managed",
      "type": "aws_ecr_registry_policy",
      "name": "this",
      "provider": "provider[\"registry.terraform.io/hashicorp/aws\"]",
      "instances": []
    },
    {
      "module": "module.ecr_worker",
      "mode": "managed",
      "type": "aws_ecr_registry_scanning_configuration",
      "name": "this",
      "provider": "provider[\"registry.terraform.io/hashicorp/aws\"]",
      "instances": []
    },
    {
      "module": "module.ecr_worker",
      "mode": "managed",
      "type": "aws_ecr_replication_configuration",
      "name": "this",
      "provider": "provider[\"registry.terraform.io/hashicorp/aws\"]",
      "instances": []
    },
    {
      "module": "module.ecr_worker",
      "mode": "managed",
      "type": "aws_ecr_repository",
      "name": "this",
      "provider": "provider[\"registry.terraform.io/hashicorp/aws\"]",
      "instances": [
        {
          "index_key": 0,
          "schema_version": 0,
          "attributes": {
            "arn": "arn:aws:ecr:eu-north-1:597936860210:repository/aca-voting-app-worker",
            "encryption_configuration": [
              {
                "encryption_type": "AES256",
                "kms_key": ""
              }
            ],
            "force_delete": true,
            "id": "aca-voting-app-worker",
            "image_scanning_configuration": [
              {
                "scan_on_push": true
              }
            ],
            "image_tag_mutability": "MUTABLE",
            "name": "aca-voting-app-worker",
            "registry_id": "597936860210",
            "repository_url": "597936860210.dkr.ecr.eu-north-1.amazonaws.com/aca-voting-app-worker",
            "tags": {
              "Name": "aca-voting-app-worker"
            },
            "tags_all": {
              "Application": "aca-voting-app",
              "Environment": "production",
              "ManagedBy": "Terraform",
              "Name": "aca-voting-app-worker"
            },
            "timeouts": null
          },
          "sensitive_attributes": [],
          "identity_schema_version": 0,
          "private": "eyJlMmJmYjczMC1lY2FhLTExZTYtOGY4OC0zNDM2M2JjN2M0YzAiOnsiZGVsZXRlIjoxMjAwMDAwMDAwMDAwfX0="
        }
      ]
    },
    {
      "module": "module.ecr_worker",
      "mode": "managed",
      "type": "aws_ecr_repository_policy",
      "name": "this",
      "provider": "provider[\"registry.terraform.io/hashicorp/aws\"]",
      "instances": [
        {
          "index_key": 0,
          "schema_version": 0,
          "attributes": {
            "id": "aca-voting-app-worker",
            "policy": "{\"Statement\":[{\"Action\":[\"ecr:ListTagsForResource\",\"ecr:ListImages\",\"ecr:GetRepositoryPolicy\",\"ecr:GetLifecyclePolicyPreview\",\"ecr:GetLifecyclePolicy\",\"ecr:GetDownloadUrlForLayer\",\"ecr:GetAuthorizationToken\",\"ecr:DescribeRepositories\",\"ecr:DescribeImages\",\"ecr:DescribeImageScanFindings\",\"ecr:BatchGetImage\",\"ecr:BatchCheckLayerAvailability\"],\"Effect\":\"Allow\",\"Principal\":{\"AWS\":\"arn:aws:iam::597936860210:root\"},\"Sid\":\"PrivateReadOnly\"}],\"Version\":\"2012-10-17\"}",
            "registry_id": "597936860210",
            "repository": "aca-voting-app-worker"
          },
          "sensitive_attributes": [],
          "identity_schema_version": 0,
          "private": "bnVsbA==",
          "dependencies": [
            "module.ecr_worker.aws_ecr_repository.this",
            "module.ecr_worker.data.aws_caller_identity.current",
            "module.ecr_worker.data.aws_iam_policy_document.repository",
            "module.ecr_worker.data.aws_partition.current"
          ]
        }
      ]
    },
    {
      "module": "module.ecr_worker",
      "mode": "managed",
      "type": "aws_ecrpublic_repository",
      "name": "this",
      "provider": "provider[\"registry.terraform.io/hashicorp/aws\"]",
      "instances": []
    },
    {
      "module": "module.ecr_worker",
      "mode": "managed",
      "type": "aws_ecrpublic_repository_policy",
      "name": "example",
      "provider": "provider[\"registry.terraform.io/hashicorp/aws\"]",
      "instances": []
    },
    {
      "module": "module.ecs.module.cluster",
      "mode": "data",
      "type": "aws_iam_policy_document",
      "name": "task_exec",
      "provider": "provider[\"registry.terraform.io/hashicorp/aws\"]",
      "instances": []
    },
    {
      "module": "module.ecs.module.cluster",
      "mode": "data",
      "type": "aws_iam_policy_document",
      "name": "task_exec_assume",
      "provider": "provider[\"registry.terraform.io/hashicorp/aws\"]",
      "instances": []
    },
    {
      "module": "module.ecs.module.cluster",
      "mode": "managed",
      "type": "aws_cloudwatch_log_group",
      "name": "this",
      "provider": "provider[\"registry.terraform.io/hashicorp/aws\"]",
      "instances": [
        {
          "index_key": 0,
          "schema_version": 0,
          "attributes": {
            "arn": "arn:aws:logs:eu-north-1:597936860210:log-group:/aws/ecs/aca-voting-app-cluster",
            "id": "/aws/ecs/aca-voting-app-cluster",
            "kms_key_id": "",
            "log_group_class": "STANDARD",
            "name": "/aws/ecs/aca-voting-app-cluster",
            "name_prefix": "",
            "retention_in_days": 90,
            "skip_destroy": false,
            "tags": {
              "Name": "aca-voting-app-cluster"
            },
            "tags_all": {
              "Application": "aca-voting-app",
              "Environment": "production",
              "ManagedBy": "Terraform",
              "Name": "aca-voting-app-cluster"
            }
          },
          "sensitive_attributes": [],
          "identity_schema_version": 0,
          "private": "bnVsbA=="
        }
      ]
    },
    {
      "module": "module.ecs.module.cluster",
      "mode": "managed",
      "type": "aws_ecs_capacity_provider",
      "name": "this",
      "provider": "provider[\"registry.terraform.io/hashicorp/aws\"]",
      "instances": []
    },
    {
      "module": "module.ecs.module.cluster",
      "mode": "managed",
      "type": "aws_ecs_cluster",
      "name": "this",
      "provider": "provider[\"registry.terraform.io/hashicorp/aws\"]",
      "instances": [
        {
          "index_key": 0,
          "schema_version": 0,
          "attributes": {
            "arn": "arn:aws:ecs:eu-north-1:597936860210:cluster/aca-voting-app-cluster",
            "configuration": [
              {
                "execute_command_configuration": [
                  {
                    "kms_key_id": "",
                    "log_configuration": [
                      {
                        "cloud_watch_encryption_enabled": false,
                        "cloud_watch_log_group_name": "/aws/ecs/aca-voting-app-cluster",
                        "s3_bucket_encryption_enabled": false,
                        "s3_bucket_name": "",
                        "s3_key_prefix": ""
                      }
                    ],
                    "logging": "OVERRIDE"
                  }
                ],
                "managed_storage_configuration": []
              }
            ],
            "id": "arn:aws:ecs:eu-north-1:597936860210:cluster/aca-voting-app-cluster",
            "name": "aca-voting-app-cluster",
            "service_connect_defaults": [],
            "setting": [
              {
                "name": "containerInsights",
                "value": "enabled"
              }
            ],
            "tags": {
              "Name": "aca-voting-app-cluster"
            },
            "tags_all": {
              "Application": "aca-voting-app",
              "Environment": "production",
              "ManagedBy": "Terraform",
              "Name": "aca-voting-app-cluster"
            }
          },
          "sensitive_attributes": [],
          "identity_schema_version": 0,
          "private": "bnVsbA==",
          "dependencies": [
            "module.ecs.module.cluster.aws_cloudwatch_log_group.this"
          ]
        }
      ]
    },
    {
      "module": "module.ecs.module.cluster",
      "mode": "managed",
      "type": "aws_ecs_cluster_capacity_providers",
      "name": "this",
      "provider": "provider[\"registry.terraform.io/hashicorp/aws\"]",
      "instances": [
        {
          "index_key": 0,
          "schema_version": 0,
          "attributes": {
            "capacity_providers": [
              "FARGATE"
            ],
            "cluster_name": "aca-voting-app-cluster",
            "default_capacity_provider_strategy": [
              {
                "base": 0,
                "capacity_provider": "FARGATE",
                "weight": 100
              }
            ],
            "id": "aca-voting-app-cluster"
          },
          "sensitive_attributes": [],
          "identity_schema_version": 0,
          "private": "bnVsbA==",
          "dependencies": [
            "module.ecs.module.cluster.aws_cloudwatch_log_group.this",
            "module.ecs.module.cluster.aws_ecs_capacity_provider.this",
            "module.ecs.module.cluster.aws_ecs_cluster.this"
          ]
        }
      ]
    },
    {
      "module": "module.ecs.module.cluster",
      "mode": "managed",
      "type": "aws_iam_policy",
      "name": "task_exec",
      "provider": "provider[\"registry.terraform.io/hashicorp/aws\"]",
      "instances": []
    },
    {
      "module": "module.ecs.module.cluster",
      "mode": "managed",
      "type": "aws_iam_role",
      "name": "task_exec",
      "provider": "provider[\"registry.terraform.io/hashicorp/aws\"]",
      "instances": []
    },
    {
      "module": "module.ecs.module.cluster",
      "mode": "managed",
      "type": "aws_iam_role_policy_attachment",
      "name": "task_exec",
      "provider": "provider[\"registry.terraform.io/hashicorp/aws\"]",
      "instances": []
    },
    {
      "module": "module.ecs.module.cluster",
      "mode": "managed",
      "type": "aws_iam_role_policy_attachment",
      "name": "task_exec_additional",
      "provider": "provider[\"registry.terraform.io/hashicorp/aws\"]",
      "instances": []
    },
    {
      "module": "module.secrets_manager_postgres",
      "mode": "data",
      "type": "aws_iam_policy_document",
      "name": "this",
      "provider": "provider[\"registry.terraform.io/hashicorp/aws\"]",
      "instances": []
    },
    {
      "module": "module.secrets_manager_postgres",
      "mode": "managed",
      "type": "aws_secretsmanager_secret",
      "name": "this",
      "provider": "provider[\"registry.terraform.io/hashicorp/aws\"]",
      "instances": [
        {
          "index_key": 0,
          "schema_version": 0,
          "attributes": {
            "arn": "arn:aws:secretsmanager:eu-north-1:597936860210:secret:aca-voting-app-postgres-credentials-F6E1Dh",
            "description": "PostgreSQL credentials for aca-voting-app",
            "force_overwrite_replica_secret": false,
            "id": "arn:aws:secretsmanager:eu-north-1:597936860210:secret:aca-voting-app-postgres-credentials-F6E1Dh",
            "kms_key_id": "",
            "name": "aca-voting-app-postgres-credentials",
            "name_prefix": "",
            "policy": "",
            "recovery_window_in_days": 0,
            "replica": [],
            "tags": {
              "Name": "aca-voting-app-postgres-credentials"
            },
            "tags_all": {
              "Application": "aca-voting-app",
              "Environment": "production",
              "ManagedBy": "Terraform",
              "Name": "aca-voting-app-postgres-credentials"
            }
          },
          "sensitive_attributes": [],
          "identity_schema_version": 0,
          "private": "bnVsbA=="
        }
      ]
    },
    {
      "module": "module.secrets_manager_postgres",
      "mode": "managed",
      "type": "aws_secretsmanager_secret_policy",
      "name": "this",
      "provider": "provider[\"registry.terraform.io/hashicorp/aws\"]",
      "instances": []
    },
    {
      "module": "module.secrets_manager_postgres",
      "mode": "managed",
      "type": "aws_secretsmanager_secret_rotation",
      "name": "this",
      "provider": "provider[\"registry.terraform.io/hashicorp/aws\"]",
      "instances": []
    },
    {
      "module": "module.secrets_manager_postgres",
      "mode": "managed",
      "type": "aws_secretsmanager_secret_version",
      "name": "ignore_changes",
      "provider": "provider[\"registry.terraform.io/hashicorp/aws\"]",
      "instances": []
    },
    {
      "module": "module.secrets_manager_postgres",
      "mode": "managed",
      "type": "aws_secretsmanager_secret_version",
      "name": "this",
      "provider": "provider[\"registry.terraform.io/hashicorp/aws\"]",
      "instances": [
        {
          "index_key": 0,
          "schema_version": 0,
          "attributes": {
            "arn": "arn:aws:secretsmanager:eu-north-1:597936860210:secret:aca-voting-app-postgres-credentials-F6E1Dh",
            "has_secret_string_wo": null,
            "id": "arn:aws:secretsmanager:eu-north-1:597936860210:secret:aca-voting-app-postgres-credentials-F6E1Dh|terraform-20260919205359863400000008",
            "secret_binary": "",
            "secret_id": "arn:aws:secretsmanager:eu-north-1:597936860210:secret:aca-voting-app-postgres-credentials-F6E1Dh",
            "secret_string": "{\"password\":\"Iwli79t4sbtD4cl8\",\"username\":\"postgres\"}",
            "secret_string_wo": null,
            "secret_string_wo_version": null,
            "version_id": "terraform-20260919205359863400000008",
            "version_stages": [
              "AWSCURRENT"
            ]
          },
          "sensitive_attributes": [
            [
              {
                "type": "get_attr",
                "value": "secret_binary"
              }
            ],
            [
              {
                "type": "get_attr",
                "value": "secret_string"
              }
            ],
            [
              {
                "type": "get_attr",
                "value": "secret_string_wo"
              }
            ]
          ],
          "identity_schema_version": 0,
          "private": "bnVsbA==",
          "dependencies": [
            "module.secrets_manager_postgres.aws_secretsmanager_secret.this",
            "module.secrets_manager_postgres.random_password.this",
            "random_password.postgres_password"
          ]
        }
      ]
    },
    {
      "module": "module.secrets_manager_postgres",
      "mode": "managed",
      "type": "random_password",
      "name": "this",
      "provider": "provider[\"registry.terraform.io/hashicorp/random\"]",
      "instances": []
    },
    {
      "module": "module.secrets_manager_valkey",
      "mode": "data",
      "type": "aws_iam_policy_document",
      "name": "this",
      "provider": "provider[\"registry.terraform.io/hashicorp/aws\"]",
      "instances": []
    },
    {
      "module": "module.secrets_manager_valkey",
      "mode": "managed",
      "type": "aws_secretsmanager_secret",
      "name": "this",
      "provider": "provider[\"registry.terraform.io/hashicorp/aws\"]",
      "instances": [
        {
          "index_key": 0,
          "schema_version": 0,
          "attributes": {
            "arn": "arn:aws:secretsmanager:eu-north-1:597936860210:secret:aca-voting-app-valkey-credentials-VdZ3KO",
            "description": "Valkey RBAC user and password credentials for aca-voting-app",
            "force_overwrite_replica_secret": false,
            "id": "arn:aws:secretsmanager:eu-north-1:597936860210:secret:aca-voting-app-valkey-credentials-VdZ3KO",
            "kms_key_id": "",
            "name": "aca-voting-app-valkey-credentials",
            "name_prefix": "",
            "policy": "",
            "recovery_window_in_days": 0,
            "replica": [],
            "tags": {
              "Name": "aca-voting-app-valkey-credentials"
            },
            "tags_all": {
              "Application": "aca-voting-app",
              "Environment": "production",
              "ManagedBy": "Terraform",
              "Name": "aca-voting-app-valkey-credentials"
            }
          },
          "sensitive_attributes": [],
          "identity_schema_version": 0,
          "private": "bnVsbA=="
        }
      ]
    },
    {
      "module": "module.secrets_manager_valkey",
      "mode": "managed",
      "type": "aws_secretsmanager_secret_policy",
      "name": "this",
      "provider": "provider[\"registry.terraform.io/hashicorp/aws\"]",
      "instances": []
    },
    {
      "module": "module.secrets_manager_valkey",
      "mode": "managed",
      "type": "aws_secretsmanager_secret_rotation",
      "name": "this",
      "provider": "provider[\"registry.terraform.io/hashicorp/aws\"]",
      "instances": []
    },
    {
      "module": "module.secrets_manager_valkey",
      "mode": "managed",
      "type": "aws_secretsmanager_secret_version",
      "name": "ignore_changes",
      "provider": "provider[\"registry.terraform.io/hashicorp/aws\"]",
      "instances": []
    },
    {
      "module": "module.secrets_manager_valkey",
      "mode": "managed",
      "type": "aws_secretsmanager_secret_version",
      "name": "this",
      "provider": "provider[\"registry.terraform.io/hashicorp/aws\"]",
      "instances": [
        {
          "index_key": 0,
          "schema_version": 0,
          "attributes": {
            "arn": "arn:aws:secretsmanager:eu-north-1:597936860210:secret:aca-voting-app-valkey-credentials-VdZ3KO",
            "has_secret_string_wo": null,
            "id": "arn:aws:secretsmanager:eu-north-1:597936860210:secret:aca-voting-app-valkey-credentials-VdZ3KO|terraform-2026091920540002370000000a",
            "secret_binary": "",
            "secret_id": "arn:aws:secretsmanager:eu-north-1:597936860210:secret:aca-voting-app-valkey-credentials-VdZ3KO",
            "secret_string": "{\"password\":\"xMNn7wXRQDlIYxC6\",\"username\":\"valkeyuser\"}",
            "secret_string_wo": null,
            "secret_string_wo_version": null,
            "version_id": "terraform-2026091920540002370000000a",
            "version_stages": [
              "AWSCURRENT"
            ]
          },
          "sensitive_attributes": [
            [
              {
                "type": "get_attr",
                "value": "secret_binary"
              }
            ],
            [
              {
                "type": "get_attr",
                "value": "secret_string"
              }
            ],
            [
              {
                "type": "get_attr",
                "value": "secret_string_wo"
              }
            ]
          ],
          "identity_schema_version": 0,
          "private": "bnVsbA==",
          "dependencies": [
            "module.secrets_manager_valkey.aws_secretsmanager_secret.this",
            "module.secrets_manager_valkey.random_password.this",
            "random_password.valkey_password"
          ]
        }
      ]
    },
    {
      "module": "module.secrets_manager_valkey",
      "mode": "managed",
      "type": "random_password",
      "name": "this",
      "provider": "provider[\"registry.terraform.io/hashicorp/random\"]",
      "instances": []
    },
    {
      "module": "module.valkey",
      "mode": "managed",
      "type": "aws_cloudwatch_log_group",
      "name": "this",
      "provider": "provider[\"registry.terraform.io/hashicorp/aws\"]",
      "instances": [
        {
          "index_key": "slow-log",
          "schema_version": 0,
          "attributes": {
            "arn": "arn:aws:logs:eu-north-1:597936860210:log-group:/aws/elasticache/aca-voting-app-valkey",
            "id": "/aws/elasticache/aca-voting-app-valkey",
            "kms_key_id": "",
            "log_group_class": "STANDARD",
            "name": "/aws/elasticache/aca-voting-app-valkey",
            "name_prefix": "",
            "retention_in_days": 14,
            "skip_destroy": false,
            "tags": {
              "Name": "aca-voting-app-valkey",
              "terraform-aws-modules": "elasticache"
            },
            "tags_all": {
              "Application": "aca-voting-app",
              "Environment": "production",
              "ManagedBy": "Terraform",
              "Name": "aca-voting-app-valkey",
              "terraform-aws-modules": "elasticache"
            }
          },
          "sensitive_attributes": [],
          "identity_schema_version": 0,
          "private": "bnVsbA=="
        }
      ]
    },
    {
      "module": "module.valkey",
      "mode": "managed",
      "type": "aws_elasticache_global_replication_group",
      "name": "this",
      "provider": "provider[\"registry.terraform.io/hashicorp/aws\"]",
      "instances": []
    },
    {
      "module": "module.valkey",
      "mode": "managed",
      "type": "aws_elasticache_parameter_group",
      "name": "this",
      "provider": "provider[\"registry.terraform.io/hashicorp/aws\"]",
      "instances": []
    },
    {
      "module": "module.valkey",
      "mode": "managed",
      "type": "aws_elasticache_replication_group",
      "name": "global",
      "provider": "provider[\"registry.terraform.io/hashicorp/aws\"]",
      "instances": []
    },
    {
      "module": "module.valkey",
      "mode": "managed",
      "type": "aws_elasticache_subnet_group",
      "name": "this",
      "provider": "provider[\"registry.terraform.io/hashicorp/aws\"]",
      "instances": [
        {
          "index_key": 0,
          "schema_version": 0,
          "attributes": {
            "arn": "arn:aws:elasticache:eu-north-1:597936860210:subnetgroup:aca-voting-app-valkey",
            "description": "ElastiCache subnet group",
            "id": "aca-voting-app-valkey",
            "name": "aca-voting-app-valkey",
            "subnet_ids": [
              "subnet-098835d1205ea3fd4",
              "subnet-0caa8bd66179f08a2"
            ],
            "tags": {
              "Name": "aca-voting-app-valkey",
              "terraform-aws-modules": "elasticache"
            },
            "tags_all": {
              "Application": "aca-voting-app",
              "Environment": "production",
              "ManagedBy": "Terraform",
              "Name": "aca-voting-app-valkey",
              "terraform-aws-modules": "elasticache"
            },
            "vpc_id": "vpc-0b0fce02ab20d23a4"
          },
          "sensitive_attributes": [
            [
              {
                "type": "get_attr",
                "value": "subnet_ids"
              }
            ]
          ],
          "identity_schema_version": 0,
          "private": "bnVsbA==",
          "dependencies": [
            "data.aws_ssm_parameter.private_subnet_ids"
          ],
          "create_before_destroy": true
        }
      ]
    },
    {
      "module": "module.valkey",
      "mode": "managed",
      "type": "aws_security_group",
      "name": "this",
      "provider": "provider[\"registry.terraform.io/hashicorp/aws\"]",
      "instances": []
    },
    {
      "module": "module.valkey",
      "mode": "managed",
      "type": "aws_vpc_security_group_egress_rule",
      "name": "this",
      "provider": "provider[\"registry.terraform.io/hashicorp/aws\"]",
      "instances": []
    },
    {
      "module": "module.valkey",
      "mode": "managed",
      "type": "aws_vpc_security_group_ingress_rule",
      "name": "this",
      "provider": "provider[\"registry.terraform.io/hashicorp/aws\"]",
      "instances": []
    },
    {
      "module": "module.valkey",
      "mode": "managed",
      "type": "random_id",
      "name": "this",
      "provider": "provider[\"registry.terraform.io/hashicorp/random\"]",
      "instances": []
    }
  ],
  "check_results": null
}
