
Microsoft Visual Studio Solution File, Format Version 12.00
# Visual Studio 15
VisualStudioVersion = 15.0.27703.2042
MinimumVisualStudioVersion = 10.0.40219.1
Project("{9A19103F-16F7-4668-BE54-9A1E7A4F7556}") = "Vote", "Vote.csproj", "{DA159FEC-BE4D-4704-ACB2-E03FFA6F2D3B}"
EndProject
Global
	GlobalSection(SolutionConfigurationPlatforms) = preSolution
		Debug|Any CPU = Debug|Any CPU
		Release|Any CPU = Release|Any CPU
	EndGlobalSection
	GlobalSection(ProjectConfigurationPlatforms) = postSolution
		{DA159FEC-BE4D-4704-ACB2-E03FFA6F2D3B}.Debug|Any CPU.ActiveCfg = Debug|Any CPU
		{DA159FEC-BE4D-4704-ACB2-E03FFA6F2D3B}.Debug|Any CPU.Build.0 = Debug|Any CPU
		{DA159FEC-BE4D-4704-ACB2-E03FFA6F2D3B}.Release|Any CPU.ActiveCfg = Release|Any CPU
		{DA159FEC-BE4D-4704-ACB2-E03FFA6F2D3B}.Release|Any CPU.Build.0 = Release|Any CPU
	EndGlobalSection
	GlobalSection(SolutionProperties) = preSolution
		HideSolutionNode = FALSE
	EndGlobalSection
	GlobalSection(ExtensibilityGlobals) = postSolution
		SolutionGuid = {BEABFEFC-9957-41E3-96A1-7F501F69411D}
	EndGlobalSection
EndGlobal
