dependencies:
- name: postgresql
  repository: https://kubernetes-charts.storage.googleapis.com/
  version: 0.9.5
- name: redis
  repository: https://kubernetes-charts.storage.googleapis.com/
  version: 1.2.2
- name: result
  repository: file://local-charts/result
  version: 0.1.0
- name: vote
  repository: file://local-charts/vote
  version: 0.1.0
- name: worker
  repository: file://local-charts/worker
  version: 0.1.1
digest: sha256:b56f814bab98a050a29e10f3b1ff3ad7252d943ee0c82b893635ece1fb1ef35e
generated: 2018-04-20T20:50:09.706765-07:00
